
Microsoft Visual Studio Solution File, Format Version 12.00
# Visual Studio Version 17
VisualStudioVersion = 17.0.31912.275
MinimumVisualStudioVersion = 10.0.40219.1
Project("{9A19103F-16F7-4668-BE54-9A1E7A4F7556}") = "KolkoKrzyzyk", "DesignPatterns_StudyLabs\KolkoKrzyzyk\KolkoKrzyzyk.csproj", "{25963FA8-7622-488D-B83C-51EBBAAAF501}"
EndProject
Project("{9A19103F-16F7-4668-BE54-9A1E7A4F7556}") = "RefaktoryzacjaKolkoKrzyzyk", "DesignPatterns_StudyLabs\RefaktoryzacjaKolkoKrzyzyk\RefaktoryzacjaKolkoKrzyzyk.csproj", "{BDA2988F-367F-441C-94A8-06B1E29C85DB}"
EndProject
Project("{9A19103F-16F7-4668-BE54-9A1E7A4F7556}") = "budowniczy", "DesignPatterns_StudyLabs\budowniczy\budowniczy.csproj", "{79D8637A-87DA-4E62-8669-EBF92552E009}"
EndProject
Project("{9A19103F-16F7-4668-BE54-9A1E7A4F7556}") = "prototyp", "DesignPatterns_StudyLabs\prototyp\prototyp.csproj", "{EE3BE047-E3A8-4045-A78F-95E81AF3D6BA}"
EndProject
Project("{9A19103F-16F7-4668-BE54-9A1E7A4F7556}") = "fabrykaAbstrakcyjna", "DesignPatterns_StudyLabs\fabrykaAbstrakcyjna\fabrykaAbstrakcyjna.csproj", "{A5759127-EA82-4875-836C-69896DF44D3D}"
EndProject
Project("{9A19103F-16F7-4668-BE54-9A1E7A4F7556}") = "Adapter", "DesignPatterns_StudyLabs\Adapter\Adapter.csproj", "{381FBDF5-3D3F-4B52-8325-38D86AC46D74}"
EndProject
Project("{9A19103F-16F7-4668-BE54-9A1E7A4F7556}") = "cwiczeniaExtra", "DesignPatterns_StudyLabs\cwiczeniaExtra\cwiczeniaExtra.csproj", "{D8BB6AC0-F5DD-41E3-9EBD-0EBE3CF1A1BB}"
EndProject
Project("{9A19103F-16F7-4668-BE54-9A1E7A4F7556}") = "Facade", "DesignPatterns_StudyLabs\Facade\Facade.csproj", "{1A870D57-E05B-4C18-A873-2B69C585A226}"
EndProject
Project("{9A19103F-16F7-4668-BE54-9A1E7A4F7556}") = "Decorator", "DesignPatterns_StudyLabs\Decorator\Decorator.csproj", "{77904CA9-8BE8-42D5-9CED-348203AEFBD5}"
EndProject
Project("{9A19103F-16F7-4668-BE54-9A1E7A4F7556}") = "Composite", "DesignPatterns_StudyLabs\Composite\Composite.csproj", "{E4079AC5-A3CA-4254-8713-44788908D7A5}"
EndProject
Project("{9A19103F-16F7-4668-BE54-9A1E7A4F7556}") = "Bridge", "DesignPatterns_StudyLabs\Bridge\Bridge.csproj", "{888C607B-5D05-4425-83DD-B03F642DC3C3}"
EndProject
Project("{9A19103F-16F7-4668-BE54-9A1E7A4F7556}") = "Proxy", "DesignPatterns_StudyLabs\Proxy\Proxy.csproj", "{D9813586-A2DF-412F-952A-8537F2671A47}"
EndProject
Project("{9A19103F-16F7-4668-BE54-9A1E7A4F7556}") = "CS_klasy_kolekcje", "DesignPatterns_StudyLabs\CS_klasy_kolekcje\CS_klasy_kolekcje.csproj", "{005D6E55-3118-4F02-B3A5-2989A2080664}"
EndProject
Project("{9A19103F-16F7-4668-BE54-9A1E7A4F7556}") = "obserwator", "DesignPatterns_StudyLabs\obserwator\obserwator.csproj", "{8AED8F85-25EE-4DE4-9BDC-EF3DCFF5709A}"
EndProject
Project("{9A19103F-16F7-4668-BE54-9A1E7A4F7556}") = "lancuchZobowiazan", "DesignPatterns_StudyLabs\lancuchZobowiazan\lancuchZobowiazan.csproj", "{EFD4086C-69D3-47BA-9605-4C83CCB4513D}"
EndProject
Project("{9A19103F-16F7-4668-BE54-9A1E7A4F7556}") = "pamiatka", "DesignPatterns_StudyLabs\pamiatka\pamiatka.csproj", "{7A6C25FD-B6FA-4716-B260-9FE901DA4191}"
EndProject
Project("{9A19103F-16F7-4668-BE54-9A1E7A4F7556}") = "polecenie", "DesignPatterns_StudyLabs\polecenie\polecenie.csproj", "{BA0EE073-76BB-4F27-9BD3-DEF007B51BDB}"
EndProject
Project("{9A19103F-16F7-4668-BE54-9A1E7A4F7556}") = "mediator", "DesignPatterns_StudyLabs\mediator\mediator.csproj", "{0AF1EB82-C43B-4AB1-AAB0-1B2AB238DECF}"
EndProject
Project("{9A19103F-16F7-4668-BE54-9A1E7A4F7556}") = "State", "DesignPatterns_StudyLabs\stan\State.csproj", "{17F3B8B3-4947-4F03-93D1-214630B4BC3A}"
EndProject
Project("{9A19103F-16F7-4668-BE54-9A1E7A4F7556}") = "odwiedzajacy", "DesignPatterns_StudyLabs\odwiedzajacy\odwiedzajacy.csproj", "{CBCFCE96-2F26-48AB-B588-0E2F8570633F}"
EndProject
Project("{9A19103F-16F7-4668-BE54-9A1E7A4F7556}") = "Strategy", "DesignPatterns_StudyLabs\strategia\Strategy.csproj", "{C5C18E9F-FC62-410D-8571-33414B4EC917}"
EndProject
Project("{9A19103F-16F7-4668-BE54-9A1E7A4F7556}") = "projektKoncowy", "DesignPatterns_StudyLabs\projektKoncowy\projektKoncowy.csproj", "{8E25D51F-A50A-4D0F-8C92-F7663AA3EBA3}"
EndProject
Project("{9A19103F-16F7-4668-BE54-9A1E7A4F7556}") = "lancuchZobowiazan2", "DesignPatterns_StudyLabs\lancuchZobowiazan2\lancuchZobowiazan2.csproj", "{EF97942D-E122-4D96-B32C-0AFD225836E9}"
EndProject
Project("{9A19103F-16F7-4668-BE54-9A1E7A4F7556}") = "TicTacToeRefactoring", "DesignPatterns_StudyLabs\TicTacToeRefactoring\TicTacToeRefactoring.csproj", "{81D89DFC-1C60-4690-B9B5-2EF6C94FADAA}"
EndProject
Project("{9A19103F-16F7-4668-BE54-9A1E7A4F7556}") = "metodaSzablonowa", "DesignPatterns_StudyLabs\metodaSzablonowa\metodaSzablonowa.csproj", "{2274FAE0-0AF8-4914-8190-600CE33B46CE}"
EndProject
Project("{9A19103F-16F7-4668-BE54-9A1E7A4F7556}") = "interpreter", "DesignPatterns_StudyLabs\interpreter\interpreter.csproj", "{8DC2A7C8-BD8B-48F2-88E3-B0701553C853}"
EndProject
Project("{2150E333-8FDC-42A3-9474-1A3956D46DE8}") = "DesignPatterns_StudyLabs", "DesignPatterns_StudyLabs", "{6270B260-7DD4-44C2-BE84-DFBC1D514436}"
EndProject
Project("{9A19103F-16F7-4668-BE54-9A1E7A4F7556}") = "RELACJE", "DesignPatterns_OwnPractice\RELACJE\RELACJE.csproj", "{866E2969-B10C-4B4A-B0E0-217708F3B077}"
EndProject
Project("{9A19103F-16F7-4668-BE54-9A1E7A4F7556}") = "Polimorfizm", "DesignPatterns_OwnPractice\Polimorfizm\Polimorfizm.csproj", "{8D0EE72C-51A0-42BE-8E7D-E6C191427A0A}"
EndProject
Project("{9A19103F-16F7-4668-BE54-9A1E7A4F7556}") = "KBudowniczy", "DesignPatterns_OwnPractice\Budowniczy\KBudowniczy.csproj", "{987AD6D8-F4D1-4351-8803-2705CDBB9ACB}"
EndProject
Project("{9A19103F-16F7-4668-BE54-9A1E7A4F7556}") = "KProstaFabryka", "DesignPatterns_OwnPractice\ProstaFabryka\KProstaFabryka.csproj", "{AB2697EB-3022-4F9C-B100-F34FB7E67B75}"
EndProject
Project("{9A19103F-16F7-4668-BE54-9A1E7A4F7556}") = "KMetodaWytworcza", "DesignPatterns_OwnPractice\MetodaWytworcza\KMetodaWytworcza.csproj", "{BC78F393-1607-436C-B4BD-259F52523528}"
EndProject
Project("{9A19103F-16F7-4668-BE54-9A1E7A4F7556}") = "KFabrykaAbstrakcyjna", "DesignPatterns_OwnPractice\FabrykaAbstrakcyjna\KFabrykaAbstrakcyjna.csproj", "{2C693D24-13BD-45C5-BF9A-CCBCE9999594}"
EndProject
Project("{9A19103F-16F7-4668-BE54-9A1E7A4F7556}") = "KPrototyp", "DesignPatterns_OwnPractice\Prototyp\KPrototyp.csproj", "{9D19A2C3-9335-4F20-86F5-CF24740683C7}"
EndProject
Project("{9A19103F-16F7-4668-BE54-9A1E7A4F7556}") = "KSingleton", "DesignPatterns_OwnPractice\Singleton\KSingleton.csproj", "{6860E67F-8113-48B9-A5C1-702E1CBF11D4}"
EndProject
Project("{9A19103F-16F7-4668-BE54-9A1E7A4F7556}") = "SAdapter", "DesignPatterns_OwnPractice\SAdapter\SAdapter.csproj", "{0F1DEC0B-C36B-4E7E-BFF9-EE244340C2DA}"
EndProject
Project("{2150E333-8FDC-42A3-9474-1A3956D46DE8}") = "DesignPatterns_OwnPractice", "DesignPatterns_OwnPractice", "{4DBB749C-5754-4957-BDDE-7348C08F23DA}"
EndProject
Project("{9A19103F-16F7-4668-BE54-9A1E7A4F7556}") = "SDekorator", "DesignPatterns_OwnPractice\SDekorator\SDekorator.csproj", "{80E2DDF5-4BAA-4FF1-A276-6E0E67C5B113}"
EndProject
Project("{9A19103F-16F7-4668-BE54-9A1E7A4F7556}") = "SPelnomocnik", "DesignPatterns_OwnPractice\SPelnomocnik\SPelnomocnik.csproj", "{13AB0AAC-7371-44D1-9021-EECE7216AC44}"
EndProject
Project("{9A19103F-16F7-4668-BE54-9A1E7A4F7556}") = "SKompozyt", "DesignPatterns_OwnPractice\Kompozyt\SKompozyt.csproj", "{EBD38975-F3B0-45D6-971A-DE084DE0AA57}"
EndProject
Project("{9A19103F-16F7-4668-BE54-9A1E7A4F7556}") = "Bridge.Two", "DesignPatterns_StudyLabs\Bridge.Two\Bridge.Two.csproj", "{B0A5401D-3888-44BD-A9A7-212A782F51EA}"
EndProject
Project("{9A19103F-16F7-4668-BE54-9A1E7A4F7556}") = "SPylek", "DesignPatterns_OwnPractice\SPylek\SPylek.csproj", "{2AC9D5AE-C4F4-4534-8F34-FC0D006E5868}"
EndProject
Project("{9A19103F-16F7-4668-BE54-9A1E7A4F7556}") = "SFasada", "DesignPatterns_OwnPractice\SFasada\SFasada.csproj", "{91BE65B3-2856-48F0-A96A-29EA306514C7}"
EndProject
Project("{9A19103F-16F7-4668-BE54-9A1E7A4F7556}") = "CZLancuchZobowiazan", "DesignPatterns_OwnPractice\CZLancuchZobowiazan\CZLancuchZobowiazan.csproj", "{DC198102-3347-4D17-B13E-984BA49B3948}"
EndProject
Project("{9A19103F-16F7-4668-BE54-9A1E7A4F7556}") = "CZMediator", "DesignPatterns_OwnPractice\CZMediator\CZMediator.csproj", "{E09D4866-EECE-498C-AB33-93378A913F1B}"
EndProject
Project("{9A19103F-16F7-4668-BE54-9A1E7A4F7556}") = "CZObserwator", "DesignPatterns_OwnPractice\CZObserwator\CZObserwator.csproj", "{09995241-2993-40BF-A310-C28F94333E72}"
EndProject
Project("{9A19103F-16F7-4668-BE54-9A1E7A4F7556}") = "CZMetodaSzablonowa", "DesignPatterns_OwnPractice\CZMetodaSzablonowa\CZMetodaSzablonowa.csproj", "{059851D4-0918-4ED9-BC31-45BAA2B23E43}"
EndProject
Project("{9A19103F-16F7-4668-BE54-9A1E7A4F7556}") = "CZStrategia", "DesignPatterns_OwnPractice\CZStrategia\CZStrategia.csproj", "{AE5C87CE-B488-4FCB-9E3D-829969332837}"
EndProject
Project("{9A19103F-16F7-4668-BE54-9A1E7A4F7556}") = "CZStan", "DesignPatterns_OwnPractice\CZStan\CZStan.csproj", "{CF56679B-6BDA-4DAC-A5B9-1D78FA22FDCE}"
EndProject
Project("{9A19103F-16F7-4668-BE54-9A1E7A4F7556}") = "CZInterpreter", "DesignPatterns_OwnPractice\CZInterpreter\CZInterpreter.csproj", "{8BBA4A70-77B9-48BB-97B8-CA0F2F683529}"
EndProject
Project("{9A19103F-16F7-4668-BE54-9A1E7A4F7556}") = "CZIterator", "DesignPatterns_OwnPractice\CZIterator\CZIterator.csproj", "{8F963D53-8E06-4726-835B-123CDFB48EF4}"
EndProject
Project("{9A19103F-16F7-4668-BE54-9A1E7A4F7556}") = "CZPamiatka", "DesignPatterns_OwnPractice\CZPamiatka\CZPamiatka.csproj", "{B1D3F197-5EB6-460F-8E10-6B170862DF2F}"
EndProject
Project("{9A19103F-16F7-4668-BE54-9A1E7A4F7556}") = "CZOdwiedzajacy", "DesignPatterns_OwnPractice\CZOdwiedzajacy\CZOdwiedzajacy.csproj", "{48384841-3116-4445-AA73-08A81F443CE5}"
EndProject
Project("{2150E333-8FDC-42A3-9474-1A3956D46DE8}") = "DesignPatterns_InWork", "DesignPatterns_InWork", "{3A1B0204-C02D-4208-BDDA-145D649302DC}"
EndProject
Project("{9A19103F-16F7-4668-BE54-9A1E7A4F7556}") = "strategy", "DesignPatterns_InWork\strategy\strategy.csproj", "{ED9737EF-4F26-4BA6-BA4F-7141F8627C36}"
EndProject
Project("{9A19103F-16F7-4668-BE54-9A1E7A4F7556}") = "flyweight", "DesignPatterns_InWork\flyweight\flyweight.csproj", "{B0F80E15-87A5-485A-89CC-68EA34F7085E}"
EndProject
Project("{2150E333-8FDC-42A3-9474-1A3956D46DE8}") = "Structural", "Structural", "{2295B6E9-F7DA-4726-91E4-6F93845B8298}"
EndProject
Global
	GlobalSection(SolutionConfigurationPlatforms) = preSolution
		Debug|Any CPU = Debug|Any CPU
		Release|Any CPU = Release|Any CPU
	EndGlobalSection
	GlobalSection(ProjectConfigurationPlatforms) = postSolution
		{25963FA8-7622-488D-B83C-51EBBAAAF501}.Debug|Any CPU.ActiveCfg = Debug|Any CPU
		{25963FA8-7622-488D-B83C-51EBBAAAF501}.Debug|Any CPU.Build.0 = Debug|Any CPU
		{25963FA8-7622-488D-B83C-51EBBAAAF501}.Release|Any CPU.ActiveCfg = Release|Any CPU
		{25963FA8-7622-488D-B83C-51EBBAAAF501}.Release|Any CPU.Build.0 = Release|Any CPU
		{BDA2988F-367F-441C-94A8-06B1E29C85DB}.Debug|Any CPU.ActiveCfg = Debug|Any CPU
		{BDA2988F-367F-441C-94A8-06B1E29C85DB}.Debug|Any CPU.Build.0 = Debug|Any CPU
		{BDA2988F-367F-441C-94A8-06B1E29C85DB}.Release|Any CPU.ActiveCfg = Release|Any CPU
		{BDA2988F-367F-441C-94A8-06B1E29C85DB}.Release|Any CPU.Build.0 = Release|Any CPU
		{79D8637A-87DA-4E62-8669-EBF92552E009}.Debug|Any CPU.ActiveCfg = Debug|Any CPU
		{79D8637A-87DA-4E62-8669-EBF92552E009}.Debug|Any CPU.Build.0 = Debug|Any CPU
		{79D8637A-87DA-4E62-8669-EBF92552E009}.Release|Any CPU.ActiveCfg = Release|Any CPU
		{79D8637A-87DA-4E62-8669-EBF92552E009}.Release|Any CPU.Build.0 = Release|Any CPU
		{EE3BE047-E3A8-4045-A78F-95E81AF3D6BA}.Debug|Any CPU.ActiveCfg = Debug|Any CPU
		{EE3BE047-E3A8-4045-A78F-95E81AF3D6BA}.Debug|Any CPU.Build.0 = Debug|Any CPU
		{EE3BE047-E3A8-4045-A78F-95E81AF3D6BA}.Release|Any CPU.ActiveCfg = Release|Any CPU
		{EE3BE047-E3A8-4045-A78F-95E81AF3D6BA}.Release|Any CPU.Build.0 = Release|Any CPU
		{A5759127-EA82-4875-836C-69896DF44D3D}.Debug|Any CPU.ActiveCfg = Debug|Any CPU
		{A5759127-EA82-4875-836C-69896DF44D3D}.Debug|Any CPU.Build.0 = Debug|Any CPU
		{A5759127-EA82-4875-836C-69896DF44D3D}.Release|Any CPU.ActiveCfg = Release|Any CPU
		{A5759127-EA82-4875-836C-69896DF44D3D}.Release|Any CPU.Build.0 = Release|Any CPU
		{381FBDF5-3D3F-4B52-8325-38D86AC46D74}.Debug|Any CPU.ActiveCfg = Debug|Any CPU
		{381FBDF5-3D3F-4B52-8325-38D86AC46D74}.Debug|Any CPU.Build.0 = Debug|Any CPU
		{381FBDF5-3D3F-4B52-8325-38D86AC46D74}.Release|Any CPU.ActiveCfg = Release|Any CPU
		{381FBDF5-3D3F-4B52-8325-38D86AC46D74}.Release|Any CPU.Build.0 = Release|Any CPU
		{D8BB6AC0-F5DD-41E3-9EBD-0EBE3CF1A1BB}.Debug|Any CPU.ActiveCfg = Debug|Any CPU
		{D8BB6AC0-F5DD-41E3-9EBD-0EBE3CF1A1BB}.Debug|Any CPU.Build.0 = Debug|Any CPU
		{D8BB6AC0-F5DD-41E3-9EBD-0EBE3CF1A1BB}.Release|Any CPU.ActiveCfg = Release|Any CPU
		{D8BB6AC0-F5DD-41E3-9EBD-0EBE3CF1A1BB}.Release|Any CPU.Build.0 = Release|Any CPU
		{1A870D57-E05B-4C18-A873-2B69C585A226}.Debug|Any CPU.ActiveCfg = Debug|Any CPU
		{1A870D57-E05B-4C18-A873-2B69C585A226}.Debug|Any CPU.Build.0 = Debug|Any CPU
		{1A870D57-E05B-4C18-A873-2B69C585A226}.Release|Any CPU.ActiveCfg = Release|Any CPU
		{1A870D57-E05B-4C18-A873-2B69C585A226}.Release|Any CPU.Build.0 = Release|Any CPU
		{77904CA9-8BE8-42D5-9CED-348203AEFBD5}.Debug|Any CPU.ActiveCfg = Debug|Any CPU
		{77904CA9-8BE8-42D5-9CED-348203AEFBD5}.Debug|Any CPU.Build.0 = Debug|Any CPU
		{77904CA9-8BE8-42D5-9CED-348203AEFBD5}.Release|Any CPU.ActiveCfg = Release|Any CPU
		{77904CA9-8BE8-42D5-9CED-348203AEFBD5}.Release|Any CPU.Build.0 = Release|Any CPU
		{E4079AC5-A3CA-4254-8713-44788908D7A5}.Debug|Any CPU.ActiveCfg = Debug|Any CPU
		{E4079AC5-A3CA-4254-8713-44788908D7A5}.Debug|Any CPU.Build.0 = Debug|Any CPU
		{E4079AC5-A3CA-4254-8713-44788908D7A5}.Release|Any CPU.ActiveCfg = Release|Any CPU
		{E4079AC5-A3CA-4254-8713-44788908D7A5}.Release|Any CPU.Build.0 = Release|Any CPU
		{888C607B-5D05-4425-83DD-B03F642DC3C3}.Debug|Any CPU.ActiveCfg = Debug|Any CPU
		{888C607B-5D05-4425-83DD-B03F642DC3C3}.Debug|Any CPU.Build.0 = Debug|Any CPU
		{888C607B-5D05-4425-83DD-B03F642DC3C3}.Release|Any CPU.ActiveCfg = Release|Any CPU
		{888C607B-5D05-4425-83DD-B03F642DC3C3}.Release|Any CPU.Build.0 = Release|Any CPU
		{D9813586-A2DF-412F-952A-8537F2671A47}.Debug|Any CPU.ActiveCfg = Debug|Any CPU
		{D9813586-A2DF-412F-952A-8537F2671A47}.Debug|Any CPU.Build.0 = Debug|Any CPU
		{D9813586-A2DF-412F-952A-8537F2671A47}.Release|Any CPU.ActiveCfg = Release|Any CPU
		{D9813586-A2DF-412F-952A-8537F2671A47}.Release|Any CPU.Build.0 = Release|Any CPU
		{005D6E55-3118-4F02-B3A5-2989A2080664}.Debug|Any CPU.ActiveCfg = Debug|Any CPU
		{005D6E55-3118-4F02-B3A5-2989A2080664}.Debug|Any CPU.Build.0 = Debug|Any CPU
		{005D6E55-3118-4F02-B3A5-2989A2080664}.Release|Any CPU.ActiveCfg = Release|Any CPU
		{005D6E55-3118-4F02-B3A5-2989A2080664}.Release|Any CPU.Build.0 = Release|Any CPU
		{8AED8F85-25EE-4DE4-9BDC-EF3DCFF5709A}.Debug|Any CPU.ActiveCfg = Debug|Any CPU
		{8AED8F85-25EE-4DE4-9BDC-EF3DCFF5709A}.Debug|Any CPU.Build.0 = Debug|Any CPU
		{8AED8F85-25EE-4DE4-9BDC-EF3DCFF5709A}.Release|Any CPU.ActiveCfg = Release|Any CPU
		{8AED8F85-25EE-4DE4-9BDC-EF3DCFF5709A}.Release|Any CPU.Build.0 = Release|Any CPU
		{EFD4086C-69D3-47BA-9605-4C83CCB4513D}.Debug|Any CPU.ActiveCfg = Debug|Any CPU
		{EFD4086C-69D3-47BA-9605-4C83CCB4513D}.Debug|Any CPU.Build.0 = Debug|Any CPU
		{EFD4086C-69D3-47BA-9605-4C83CCB4513D}.Release|Any CPU.ActiveCfg = Release|Any CPU
		{EFD4086C-69D3-47BA-9605-4C83CCB4513D}.Release|Any CPU.Build.0 = Release|Any CPU
		{7A6C25FD-B6FA-4716-B260-9FE901DA4191}.Debug|Any CPU.ActiveCfg = Debug|Any CPU
		{7A6C25FD-B6FA-4716-B260-9FE901DA4191}.Debug|Any CPU.Build.0 = Debug|Any CPU
		{7A6C25FD-B6FA-4716-B260-9FE901DA4191}.Release|Any CPU.ActiveCfg = Release|Any CPU
		{7A6C25FD-B6FA-4716-B260-9FE901DA4191}.Release|Any CPU.Build.0 = Release|Any CPU
		{BA0EE073-76BB-4F27-9BD3-DEF007B51BDB}.Debug|Any CPU.ActiveCfg = Debug|Any CPU
		{BA0EE073-76BB-4F27-9BD3-DEF007B51BDB}.Debug|Any CPU.Build.0 = Debug|Any CPU
		{BA0EE073-76BB-4F27-9BD3-DEF007B51BDB}.Release|Any CPU.ActiveCfg = Release|Any CPU
		{BA0EE073-76BB-4F27-9BD3-DEF007B51BDB}.Release|Any CPU.Build.0 = Release|Any CPU
		{0AF1EB82-C43B-4AB1-AAB0-1B2AB238DECF}.Debug|Any CPU.ActiveCfg = Debug|Any CPU
		{0AF1EB82-C43B-4AB1-AAB0-1B2AB238DECF}.Debug|Any CPU.Build.0 = Debug|Any CPU
		{0AF1EB82-C43B-4AB1-AAB0-1B2AB238DECF}.Release|Any CPU.ActiveCfg = Release|Any CPU
		{0AF1EB82-C43B-4AB1-AAB0-1B2AB238DECF}.Release|Any CPU.Build.0 = Release|Any CPU
		{17F3B8B3-4947-4F03-93D1-214630B4BC3A}.Debug|Any CPU.ActiveCfg = Debug|Any CPU
		{17F3B8B3-4947-4F03-93D1-214630B4BC3A}.Debug|Any CPU.Build.0 = Debug|Any CPU
		{17F3B8B3-4947-4F03-93D1-214630B4BC3A}.Release|Any CPU.ActiveCfg = Release|Any CPU
		{17F3B8B3-4947-4F03-93D1-214630B4BC3A}.Release|Any CPU.Build.0 = Release|Any CPU
		{CBCFCE96-2F26-48AB-B588-0E2F8570633F}.Debug|Any CPU.ActiveCfg = Debug|Any CPU
		{CBCFCE96-2F26-48AB-B588-0E2F8570633F}.Debug|Any CPU.Build.0 = Debug|Any CPU
		{CBCFCE96-2F26-48AB-B588-0E2F8570633F}.Release|Any CPU.ActiveCfg = Release|Any CPU
		{CBCFCE96-2F26-48AB-B588-0E2F8570633F}.Release|Any CPU.Build.0 = Release|Any CPU
		{C5C18E9F-FC62-410D-8571-33414B4EC917}.Debug|Any CPU.ActiveCfg = Debug|Any CPU
		{C5C18E9F-FC62-410D-8571-33414B4EC917}.Debug|Any CPU.Build.0 = Debug|Any CPU
		{C5C18E9F-FC62-410D-8571-33414B4EC917}.Release|Any CPU.ActiveCfg = Release|Any CPU
		{C5C18E9F-FC62-410D-8571-33414B4EC917}.Release|Any CPU.Build.0 = Release|Any CPU
		{8E25D51F-A50A-4D0F-8C92-F7663AA3EBA3}.Debug|Any CPU.ActiveCfg = Debug|Any CPU
		{8E25D51F-A50A-4D0F-8C92-F7663AA3EBA3}.Debug|Any CPU.Build.0 = Debug|Any CPU
		{8E25D51F-A50A-4D0F-8C92-F7663AA3EBA3}.Release|Any CPU.ActiveCfg = Release|Any CPU
		{8E25D51F-A50A-4D0F-8C92-F7663AA3EBA3}.Release|Any CPU.Build.0 = Release|Any CPU
		{EF97942D-E122-4D96-B32C-0AFD225836E9}.Debug|Any CPU.ActiveCfg = Debug|Any CPU
		{EF97942D-E122-4D96-B32C-0AFD225836E9}.Debug|Any CPU.Build.0 = Debug|Any CPU
		{EF97942D-E122-4D96-B32C-0AFD225836E9}.Release|Any CPU.ActiveCfg = Release|Any CPU
		{EF97942D-E122-4D96-B32C-0AFD225836E9}.Release|Any CPU.Build.0 = Release|Any CPU
		{81D89DFC-1C60-4690-B9B5-2EF6C94FADAA}.Debug|Any CPU.ActiveCfg = Debug|Any CPU
		{81D89DFC-1C60-4690-B9B5-2EF6C94FADAA}.Debug|Any CPU.Build.0 = Debug|Any CPU
		{81D89DFC-1C60-4690-B9B5-2EF6C94FADAA}.Release|Any CPU.ActiveCfg = Release|Any CPU
		{81D89DFC-1C60-4690-B9B5-2EF6C94FADAA}.Release|Any CPU.Build.0 = Release|Any CPU
		{2274FAE0-0AF8-4914-8190-600CE33B46CE}.Debug|Any CPU.ActiveCfg = Debug|Any CPU
		{2274FAE0-0AF8-4914-8190-600CE33B46CE}.Debug|Any CPU.Build.0 = Debug|Any CPU
		{2274FAE0-0AF8-4914-8190-600CE33B46CE}.Release|Any CPU.ActiveCfg = Release|Any CPU
		{2274FAE0-0AF8-4914-8190-600CE33B46CE}.Release|Any CPU.Build.0 = Release|Any CPU
		{8DC2A7C8-BD8B-48F2-88E3-B0701553C853}.Debug|Any CPU.ActiveCfg = Debug|Any CPU
		{8DC2A7C8-BD8B-48F2-88E3-B0701553C853}.Debug|Any CPU.Build.0 = Debug|Any CPU
		{8DC2A7C8-BD8B-48F2-88E3-B0701553C853}.Release|Any CPU.ActiveCfg = Release|Any CPU
		{8DC2A7C8-BD8B-48F2-88E3-B0701553C853}.Release|Any CPU.Build.0 = Release|Any CPU
		{866E2969-B10C-4B4A-B0E0-217708F3B077}.Debug|Any CPU.ActiveCfg = Debug|Any CPU
		{866E2969-B10C-4B4A-B0E0-217708F3B077}.Debug|Any CPU.Build.0 = Debug|Any CPU
		{866E2969-B10C-4B4A-B0E0-217708F3B077}.Release|Any CPU.ActiveCfg = Release|Any CPU
		{866E2969-B10C-4B4A-B0E0-217708F3B077}.Release|Any CPU.Build.0 = Release|Any CPU
		{8D0EE72C-51A0-42BE-8E7D-E6C191427A0A}.Debug|Any CPU.ActiveCfg = Debug|Any CPU
		{8D0EE72C-51A0-42BE-8E7D-E6C191427A0A}.Debug|Any CPU.Build.0 = Debug|Any CPU
		{8D0EE72C-51A0-42BE-8E7D-E6C191427A0A}.Release|Any CPU.ActiveCfg = Release|Any CPU
		{8D0EE72C-51A0-42BE-8E7D-E6C191427A0A}.Release|Any CPU.Build.0 = Release|Any CPU
		{987AD6D8-F4D1-4351-8803-2705CDBB9ACB}.Debug|Any CPU.ActiveCfg = Debug|Any CPU
		{987AD6D8-F4D1-4351-8803-2705CDBB9ACB}.Debug|Any CPU.Build.0 = Debug|Any CPU
		{987AD6D8-F4D1-4351-8803-2705CDBB9ACB}.Release|Any CPU.ActiveCfg = Release|Any CPU
		{987AD6D8-F4D1-4351-8803-2705CDBB9ACB}.Release|Any CPU.Build.0 = Release|Any CPU
		{AB2697EB-3022-4F9C-B100-F34FB7E67B75}.Debug|Any CPU.ActiveCfg = Debug|Any CPU
		{AB2697EB-3022-4F9C-B100-F34FB7E67B75}.Debug|Any CPU.Build.0 = Debug|Any CPU
		{AB2697EB-3022-4F9C-B100-F34FB7E67B75}.Release|Any CPU.ActiveCfg = Release|Any CPU
		{AB2697EB-3022-4F9C-B100-F34FB7E67B75}.Release|Any CPU.Build.0 = Release|Any CPU
		{BC78F393-1607-436C-B4BD-259F52523528}.Debug|Any CPU.ActiveCfg = Debug|Any CPU
		{BC78F393-1607-436C-B4BD-259F52523528}.Debug|Any CPU.Build.0 = Debug|Any CPU
		{BC78F393-1607-436C-B4BD-259F52523528}.Release|Any CPU.ActiveCfg = Release|Any CPU
		{BC78F393-1607-436C-B4BD-259F52523528}.Release|Any CPU.Build.0 = Release|Any CPU
		{2C693D24-13BD-45C5-BF9A-CCBCE9999594}.Debug|Any CPU.ActiveCfg = Debug|Any CPU
		{2C693D24-13BD-45C5-BF9A-CCBCE9999594}.Debug|Any CPU.Build.0 = Debug|Any CPU
		{2C693D24-13BD-45C5-BF9A-CCBCE9999594}.Release|Any CPU.ActiveCfg = Release|Any CPU
		{2C693D24-13BD-45C5-BF9A-CCBCE9999594}.Release|Any CPU.Build.0 = Release|Any CPU
		{9D19A2C3-9335-4F20-86F5-CF24740683C7}.Debug|Any CPU.ActiveCfg = Debug|Any CPU
		{9D19A2C3-9335-4F20-86F5-CF24740683C7}.Debug|Any CPU.Build.0 = Debug|Any CPU
		{9D19A2C3-9335-4F20-86F5-CF24740683C7}.Release|Any CPU.ActiveCfg = Release|Any CPU
		{9D19A2C3-9335-4F20-86F5-CF24740683C7}.Release|Any CPU.Build.0 = Release|Any CPU
		{6860E67F-8113-48B9-A5C1-702E1CBF11D4}.Debug|Any CPU.ActiveCfg = Debug|Any CPU
		{6860E67F-8113-48B9-A5C1-702E1CBF11D4}.Debug|Any CPU.Build.0 = Debug|Any CPU
		{6860E67F-8113-48B9-A5C1-702E1CBF11D4}.Release|Any CPU.ActiveCfg = Release|Any CPU
		{6860E67F-8113-48B9-A5C1-702E1CBF11D4}.Release|Any CPU.Build.0 = Release|Any CPU
		{0F1DEC0B-C36B-4E7E-BFF9-EE244340C2DA}.Debug|Any CPU.ActiveCfg = Debug|Any CPU
		{0F1DEC0B-C36B-4E7E-BFF9-EE244340C2DA}.Debug|Any CPU.Build.0 = Debug|Any CPU
		{0F1DEC0B-C36B-4E7E-BFF9-EE244340C2DA}.Release|Any CPU.ActiveCfg = Release|Any CPU
		{0F1DEC0B-C36B-4E7E-BFF9-EE244340C2DA}.Release|Any CPU.Build.0 = Release|Any CPU
		{80E2DDF5-4BAA-4FF1-A276-6E0E67C5B113}.Debug|Any CPU.ActiveCfg = Debug|Any CPU
		{80E2DDF5-4BAA-4FF1-A276-6E0E67C5B113}.Debug|Any CPU.Build.0 = Debug|Any CPU
		{80E2DDF5-4BAA-4FF1-A276-6E0E67C5B113}.Release|Any CPU.ActiveCfg = Release|Any CPU
		{80E2DDF5-4BAA-4FF1-A276-6E0E67C5B113}.Release|Any CPU.Build.0 = Release|Any CPU
		{13AB0AAC-7371-44D1-9021-EECE7216AC44}.Debug|Any CPU.ActiveCfg = Debug|Any CPU
		{13AB0AAC-7371-44D1-9021-EECE7216AC44}.Debug|Any CPU.Build.0 = Debug|Any CPU
		{13AB0AAC-7371-44D1-9021-EECE7216AC44}.Release|Any CPU.ActiveCfg = Release|Any CPU
		{13AB0AAC-7371-44D1-9021-EECE7216AC44}.Release|Any CPU.Build.0 = Release|Any CPU
		{EBD38975-F3B0-45D6-971A-DE084DE0AA57}.Debug|Any CPU.ActiveCfg = Debug|Any CPU
		{EBD38975-F3B0-45D6-971A-DE084DE0AA57}.Debug|Any CPU.Build.0 = Debug|Any CPU
		{EBD38975-F3B0-45D6-971A-DE084DE0AA57}.Release|Any CPU.ActiveCfg = Release|Any CPU
		{EBD38975-F3B0-45D6-971A-DE084DE0AA57}.Release|Any CPU.Build.0 = Release|Any CPU
		{B0A5401D-3888-44BD-A9A7-212A782F51EA}.Debug|Any CPU.ActiveCfg = Debug|Any CPU
		{B0A5401D-3888-44BD-A9A7-212A782F51EA}.Debug|Any CPU.Build.0 = Debug|Any CPU
		{B0A5401D-3888-44BD-A9A7-212A782F51EA}.Release|Any CPU.ActiveCfg = Release|Any CPU
		{B0A5401D-3888-44BD-A9A7-212A782F51EA}.Release|Any CPU.Build.0 = Release|Any CPU
		{2AC9D5AE-C4F4-4534-8F34-FC0D006E5868}.Debug|Any CPU.ActiveCfg = Debug|Any CPU
		{2AC9D5AE-C4F4-4534-8F34-FC0D006E5868}.Debug|Any CPU.Build.0 = Debug|Any CPU
		{2AC9D5AE-C4F4-4534-8F34-FC0D006E5868}.Release|Any CPU.ActiveCfg = Release|Any CPU
		{2AC9D5AE-C4F4-4534-8F34-FC0D006E5868}.Release|Any CPU.Build.0 = Release|Any CPU
		{91BE65B3-2856-48F0-A96A-29EA306514C7}.Debug|Any CPU.ActiveCfg = Debug|Any CPU
		{91BE65B3-2856-48F0-A96A-29EA306514C7}.Debug|Any CPU.Build.0 = Debug|Any CPU
		{91BE65B3-2856-48F0-A96A-29EA306514C7}.Release|Any CPU.ActiveCfg = Release|Any CPU
		{91BE65B3-2856-48F0-A96A-29EA306514C7}.Release|Any CPU.Build.0 = Release|Any CPU
		{DC198102-3347-4D17-B13E-984BA49B3948}.Debug|Any CPU.ActiveCfg = Debug|Any CPU
		{DC198102-3347-4D17-B13E-984BA49B3948}.Debug|Any CPU.Build.0 = Debug|Any CPU
		{DC198102-3347-4D17-B13E-984BA49B3948}.Release|Any CPU.ActiveCfg = Release|Any CPU
		{DC198102-3347-4D17-B13E-984BA49B3948}.Release|Any CPU.Build.0 = Release|Any CPU
		{E09D4866-EECE-498C-AB33-93378A913F1B}.Debug|Any CPU.ActiveCfg = Debug|Any CPU
		{E09D4866-EECE-498C-AB33-93378A913F1B}.Debug|Any CPU.Build.0 = Debug|Any CPU
		{E09D4866-EECE-498C-AB33-93378A913F1B}.Release|Any CPU.ActiveCfg = Release|Any CPU
		{E09D4866-EECE-498C-AB33-93378A913F1B}.Release|Any CPU.Build.0 = Release|Any CPU
		{09995241-2993-40BF-A310-C28F94333E72}.Debug|Any CPU.ActiveCfg = Debug|Any CPU
		{09995241-2993-40BF-A310-C28F94333E72}.Debug|Any CPU.Build.0 = Debug|Any CPU
		{09995241-2993-40BF-A310-C28F94333E72}.Release|Any CPU.ActiveCfg = Release|Any CPU
		{09995241-2993-40BF-A310-C28F94333E72}.Release|Any CPU.Build.0 = Release|Any CPU
		{059851D4-0918-4ED9-BC31-45BAA2B23E43}.Debug|Any CPU.ActiveCfg = Debug|Any CPU
		{059851D4-0918-4ED9-BC31-45BAA2B23E43}.Debug|Any CPU.Build.0 = Debug|Any CPU
		{059851D4-0918-4ED9-BC31-45BAA2B23E43}.Release|Any CPU.ActiveCfg = Release|Any CPU
		{059851D4-0918-4ED9-BC31-45BAA2B23E43}.Release|Any CPU.Build.0 = Release|Any CPU
		{AE5C87CE-B488-4FCB-9E3D-829969332837}.Debug|Any CPU.ActiveCfg = Debug|Any CPU
		{AE5C87CE-B488-4FCB-9E3D-829969332837}.Debug|Any CPU.Build.0 = Debug|Any CPU
		{AE5C87CE-B488-4FCB-9E3D-829969332837}.Release|Any CPU.ActiveCfg = Release|Any CPU
		{AE5C87CE-B488-4FCB-9E3D-829969332837}.Release|Any CPU.Build.0 = Release|Any CPU
		{CF56679B-6BDA-4DAC-A5B9-1D78FA22FDCE}.Debug|Any CPU.ActiveCfg = Debug|Any CPU
		{CF56679B-6BDA-4DAC-A5B9-1D78FA22FDCE}.Debug|Any CPU.Build.0 = Debug|Any CPU
		{CF56679B-6BDA-4DAC-A5B9-1D78FA22FDCE}.Release|Any CPU.ActiveCfg = Release|Any CPU
		{CF56679B-6BDA-4DAC-A5B9-1D78FA22FDCE}.Release|Any CPU.Build.0 = Release|Any CPU
		{8BBA4A70-77B9-48BB-97B8-CA0F2F683529}.Debug|Any CPU.ActiveCfg = Debug|Any CPU
		{8BBA4A70-77B9-48BB-97B8-CA0F2F683529}.Debug|Any CPU.Build.0 = Debug|Any CPU
		{8BBA4A70-77B9-48BB-97B8-CA0F2F683529}.Release|Any CPU.ActiveCfg = Release|Any CPU
		{8BBA4A70-77B9-48BB-97B8-CA0F2F683529}.Release|Any CPU.Build.0 = Release|Any CPU
		{8F963D53-8E06-4726-835B-123CDFB48EF4}.Debug|Any CPU.ActiveCfg = Debug|Any CPU
		{8F963D53-8E06-4726-835B-123CDFB48EF4}.Debug|Any CPU.Build.0 = Debug|Any CPU
		{8F963D53-8E06-4726-835B-123CDFB48EF4}.Release|Any CPU.ActiveCfg = Release|Any CPU
		{8F963D53-8E06-4726-835B-123CDFB48EF4}.Release|Any CPU.Build.0 = Release|Any CPU
		{B1D3F197-5EB6-460F-8E10-6B170862DF2F}.Debug|Any CPU.ActiveCfg = Debug|Any CPU
		{B1D3F197-5EB6-460F-8E10-6B170862DF2F}.Debug|Any CPU.Build.0 = Debug|Any CPU
		{B1D3F197-5EB6-460F-8E10-6B170862DF2F}.Release|Any CPU.ActiveCfg = Release|Any CPU
		{B1D3F197-5EB6-460F-8E10-6B170862DF2F}.Release|Any CPU.Build.0 = Release|Any CPU
		{48384841-3116-4445-AA73-08A81F443CE5}.Debug|Any CPU.ActiveCfg = Debug|Any CPU
		{48384841-3116-4445-AA73-08A81F443CE5}.Debug|Any CPU.Build.0 = Debug|Any CPU
		{48384841-3116-4445-AA73-08A81F443CE5}.Release|Any CPU.ActiveCfg = Release|Any CPU
		{48384841-3116-4445-AA73-08A81F443CE5}.Release|Any CPU.Build.0 = Release|Any CPU
		{ED9737EF-4F26-4BA6-BA4F-7141F8627C36}.Debug|Any CPU.ActiveCfg = Debug|Any CPU
		{ED9737EF-4F26-4BA6-BA4F-7141F8627C36}.Debug|Any CPU.Build.0 = Debug|Any CPU
		{ED9737EF-4F26-4BA6-BA4F-7141F8627C36}.Release|Any CPU.ActiveCfg = Release|Any CPU
		{ED9737EF-4F26-4BA6-BA4F-7141F8627C36}.Release|Any CPU.Build.0 = Release|Any CPU
		{B0F80E15-87A5-485A-89CC-68EA34F7085E}.Debug|Any CPU.ActiveCfg = Debug|Any CPU
		{B0F80E15-87A5-485A-89CC-68EA34F7085E}.Debug|Any CPU.Build.0 = Debug|Any CPU
		{B0F80E15-87A5-485A-89CC-68EA34F7085E}.Release|Any CPU.ActiveCfg = Release|Any CPU
		{B0F80E15-87A5-485A-89CC-68EA34F7085E}.Release|Any CPU.Build.0 = Release|Any CPU
	EndGlobalSection
	GlobalSection(SolutionProperties) = preSolution
		HideSolutionNode = FALSE
	EndGlobalSection
	GlobalSection(NestedProjects) = preSolution
		{25963FA8-7622-488D-B83C-51EBBAAAF501} = {6270B260-7DD4-44C2-BE84-DFBC1D514436}
		{BDA2988F-367F-441C-94A8-06B1E29C85DB} = {6270B260-7DD4-44C2-BE84-DFBC1D514436}
		{79D8637A-87DA-4E62-8669-EBF92552E009} = {6270B260-7DD4-44C2-BE84-DFBC1D514436}
		{EE3BE047-E3A8-4045-A78F-95E81AF3D6BA} = {6270B260-7DD4-44C2-BE84-DFBC1D514436}
		{A5759127-EA82-4875-836C-69896DF44D3D} = {6270B260-7DD4-44C2-BE84-DFBC1D514436}
		{381FBDF5-3D3F-4B52-8325-38D86AC46D74} = {2295B6E9-F7DA-4726-91E4-6F93845B8298}
		{D8BB6AC0-F5DD-41E3-9EBD-0EBE3CF1A1BB} = {6270B260-7DD4-44C2-BE84-DFBC1D514436}
		{1A870D57-E05B-4C18-A873-2B69C585A226} = {2295B6E9-F7DA-4726-91E4-6F93845B8298}
		{77904CA9-8BE8-42D5-9CED-348203AEFBD5} = {2295B6E9-F7DA-4726-91E4-6F93845B8298}
		{E4079AC5-A3CA-4254-8713-44788908D7A5} = {2295B6E9-F7DA-4726-91E4-6F93845B8298}
		{888C607B-5D05-4425-83DD-B03F642DC3C3} = {2295B6E9-F7DA-4726-91E4-6F93845B8298}
		{D9813586-A2DF-412F-952A-8537F2671A47} = {2295B6E9-F7DA-4726-91E4-6F93845B8298}
		{005D6E55-3118-4F02-B3A5-2989A2080664} = {6270B260-7DD4-44C2-BE84-DFBC1D514436}
		{8AED8F85-25EE-4DE4-9BDC-EF3DCFF5709A} = {6270B260-7DD4-44C2-BE84-DFBC1D514436}
		{EFD4086C-69D3-47BA-9605-4C83CCB4513D} = {6270B260-7DD4-44C2-BE84-DFBC1D514436}
		{7A6C25FD-B6FA-4716-B260-9FE901DA4191} = {6270B260-7DD4-44C2-BE84-DFBC1D514436}
		{BA0EE073-76BB-4F27-9BD3-DEF007B51BDB} = {6270B260-7DD4-44C2-BE84-DFBC1D514436}
		{0AF1EB82-C43B-4AB1-AAB0-1B2AB238DECF} = {6270B260-7DD4-44C2-BE84-DFBC1D514436}
		{17F3B8B3-4947-4F03-93D1-214630B4BC3A} = {6270B260-7DD4-44C2-BE84-DFBC1D514436}
		{CBCFCE96-2F26-48AB-B588-0E2F8570633F} = {6270B260-7DD4-44C2-BE84-DFBC1D514436}
		{C5C18E9F-FC62-410D-8571-33414B4EC917} = {6270B260-7DD4-44C2-BE84-DFBC1D514436}
		{8E25D51F-A50A-4D0F-8C92-F7663AA3EBA3} = {6270B260-7DD4-44C2-BE84-DFBC1D514436}
		{EF97942D-E122-4D96-B32C-0AFD225836E9} = {6270B260-7DD4-44C2-BE84-DFBC1D514436}
		{81D89DFC-1C60-4690-B9B5-2EF6C94FADAA} = {6270B260-7DD4-44C2-BE84-DFBC1D514436}
		{2274FAE0-0AF8-4914-8190-600CE33B46CE} = {6270B260-7DD4-44C2-BE84-DFBC1D514436}
		{8DC2A7C8-BD8B-48F2-88E3-B0701553C853} = {6270B260-7DD4-44C2-BE84-DFBC1D514436}
		{866E2969-B10C-4B4A-B0E0-217708F3B077} = {4DBB749C-5754-4957-BDDE-7348C08F23DA}
		{8D0EE72C-51A0-42BE-8E7D-E6C191427A0A} = {4DBB749C-5754-4957-BDDE-7348C08F23DA}
		{987AD6D8-F4D1-4351-8803-2705CDBB9ACB} = {4DBB749C-5754-4957-BDDE-7348C08F23DA}
		{AB2697EB-3022-4F9C-B100-F34FB7E67B75} = {4DBB749C-5754-4957-BDDE-7348C08F23DA}
		{BC78F393-1607-436C-B4BD-259F52523528} = {4DBB749C-5754-4957-BDDE-7348C08F23DA}
		{2C693D24-13BD-45C5-BF9A-CCBCE9999594} = {4DBB749C-5754-4957-BDDE-7348C08F23DA}
		{9D19A2C3-9335-4F20-86F5-CF24740683C7} = {4DBB749C-5754-4957-BDDE-7348C08F23DA}
		{6860E67F-8113-48B9-A5C1-702E1CBF11D4} = {4DBB749C-5754-4957-BDDE-7348C08F23DA}
		{0F1DEC0B-C36B-4E7E-BFF9-EE244340C2DA} = {4DBB749C-5754-4957-BDDE-7348C08F23DA}
		{80E2DDF5-4BAA-4FF1-A276-6E0E67C5B113} = {4DBB749C-5754-4957-BDDE-7348C08F23DA}
		{13AB0AAC-7371-44D1-9021-EECE7216AC44} = {4DBB749C-5754-4957-BDDE-7348C08F23DA}
		{EBD38975-F3B0-45D6-971A-DE084DE0AA57} = {4DBB749C-5754-4957-BDDE-7348C08F23DA}
		{B0A5401D-3888-44BD-A9A7-212A782F51EA} = {2295B6E9-F7DA-4726-91E4-6F93845B8298}
		{2AC9D5AE-C4F4-4534-8F34-FC0D006E5868} = {4DBB749C-5754-4957-BDDE-7348C08F23DA}
		{91BE65B3-2856-48F0-A96A-29EA306514C7} = {4DBB749C-5754-4957-BDDE-7348C08F23DA}
		{DC198102-3347-4D17-B13E-984BA49B3948} = {4DBB749C-5754-4957-BDDE-7348C08F23DA}
		{E09D4866-EECE-498C-AB33-93378A913F1B} = {4DBB749C-5754-4957-BDDE-7348C08F23DA}
		{09995241-2993-40BF-A310-C28F94333E72} = {4DBB749C-5754-4957-BDDE-7348C08F23DA}
		{059851D4-0918-4ED9-BC31-45BAA2B23E43} = {4DBB749C-5754-4957-BDDE-7348C08F23DA}
		{AE5C87CE-B488-4FCB-9E3D-829969332837} = {4DBB749C-5754-4957-BDDE-7348C08F23DA}
		{CF56679B-6BDA-4DAC-A5B9-1D78FA22FDCE} = {4DBB749C-5754-4957-BDDE-7348C08F23DA}
		{8BBA4A70-77B9-48BB-97B8-CA0F2F683529} = {4DBB749C-5754-4957-BDDE-7348C08F23DA}
		{8F963D53-8E06-4726-835B-123CDFB48EF4} = {4DBB749C-5754-4957-BDDE-7348C08F23DA}
		{B1D3F197-5EB6-460F-8E10-6B170862DF2F} = {4DBB749C-5754-4957-BDDE-7348C08F23DA}
		{48384841-3116-4445-AA73-08A81F443CE5} = {4DBB749C-5754-4957-BDDE-7348C08F23DA}
		{ED9737EF-4F26-4BA6-BA4F-7141F8627C36} = {3A1B0204-C02D-4208-BDDA-145D649302DC}
		{B0F80E15-87A5-485A-89CC-68EA34F7085E} = {3A1B0204-C02D-4208-BDDA-145D649302DC}
		{2295B6E9-F7DA-4726-91E4-6F93845B8298} = {6270B260-7DD4-44C2-BE84-DFBC1D514436}
	EndGlobalSection
	GlobalSection(ExtensibilityGlobals) = postSolution
		SolutionGuid = {260321E5-72D3-43B0-893F-BF1E39065090}
	EndGlobalSection
EndGlobal
