
Microsoft Visual Studio Solution File, Format Version 12.00
# Visual Studio Version 17
VisualStudioVersion = 17.0.31912.275
MinimumVisualStudioVersion = 10.0.40219.1
Project("{9A19103F-16F7-4668-BE54-9A1E7A4F7556}") = "KolkoKrzyzyk", "DesignPatterns\KolkoKrzyzyk\KolkoKrzyzyk.csproj", "{25963FA8-7622-488D-B83C-51EBBAAAF501}"
EndProject
Project("{9A19103F-16F7-4668-BE54-9A1E7A4F7556}") = "RefaktoryzacjaKolkoKrzyzyk", "DesignPatterns\RefaktoryzacjaKolkoKrzyzyk\RefaktoryzacjaKolkoKrzyzyk.csproj", "{BDA2988F-367F-441C-94A8-06B1E29C85DB}"
EndProject
Project("{9A19103F-16F7-4668-BE54-9A1E7A4F7556}") = "Builder", "DesignPatterns\Creational\Builder\Builder.csproj", "{79D8637A-87DA-4E62-8669-EBF92552E009}"
EndProject
Project("{9A19103F-16F7-4668-BE54-9A1E7A4F7556}") = "Prototype", "DesignPatterns\Creational\Prototype\Prototype.csproj", "{EE3BE047-E3A8-4045-A78F-95E81AF3D6BA}"
EndProject
Project("{9A19103F-16F7-4668-BE54-9A1E7A4F7556}") = "AbstractFactory", "DesignPatterns\Creational\AbstractFactory\AbstractFactory.csproj", "{A5759127-EA82-4875-836C-69896DF44D3D}"
EndProject
Project("{9A19103F-16F7-4668-BE54-9A1E7A4F7556}") = "Adapter", "DesignPatterns\Structural\Adapter\Adapter.csproj", "{381FBDF5-3D3F-4B52-8325-38D86AC46D74}"
EndProject
Project("{9A19103F-16F7-4668-BE54-9A1E7A4F7556}") = "cwiczeniaExtra", "DesignPatterns\cwiczeniaExtra\cwiczeniaExtra.csproj", "{D8BB6AC0-F5DD-41E3-9EBD-0EBE3CF1A1BB}"
EndProject
Project("{9A19103F-16F7-4668-BE54-9A1E7A4F7556}") = "Facade", "DesignPatterns\Structural\Facade\Facade.csproj", "{1A870D57-E05B-4C18-A873-2B69C585A226}"
EndProject
Project("{9A19103F-16F7-4668-BE54-9A1E7A4F7556}") = "Decorator", "DesignPatterns\Structural\Decorator\Decorator.csproj", "{77904CA9-8BE8-42D5-9CED-348203AEFBD5}"
EndProject
Project("{9A19103F-16F7-4668-BE54-9A1E7A4F7556}") = "Composite", "DesignPatterns\Structural\Composite\Composite.csproj", "{E4079AC5-A3CA-4254-8713-44788908D7A5}"
EndProject
Project("{9A19103F-16F7-4668-BE54-9A1E7A4F7556}") = "Bridge", "DesignPatterns\Structural\Bridge\Bridge.csproj", "{888C607B-5D05-4425-83DD-B03F642DC3C3}"
EndProject
Project("{9A19103F-16F7-4668-BE54-9A1E7A4F7556}") = "Proxy", "DesignPatterns\Structural\Proxy\Proxy.csproj", "{D9813586-A2DF-412F-952A-8537F2671A47}"
EndProject
Project("{9A19103F-16F7-4668-BE54-9A1E7A4F7556}") = "CS_klasy_kolekcje", "DesignPatterns\CS_klasy_kolekcje\CS_klasy_kolekcje.csproj", "{005D6E55-3118-4F02-B3A5-2989A2080664}"
EndProject
Project("{9A19103F-16F7-4668-BE54-9A1E7A4F7556}") = "Observer", "DesignPatterns\Behavioral\Observer\Observer.csproj", "{8AED8F85-25EE-4DE4-9BDC-EF3DCFF5709A}"
EndProject
Project("{9A19103F-16F7-4668-BE54-9A1E7A4F7556}") = "ChainOfResponsibility", "DesignPatterns\Behavioral\ChainOfResponsibility\ChainOfResponsibility.csproj", "{EFD4086C-69D3-47BA-9605-4C83CCB4513D}"
EndProject
Project("{9A19103F-16F7-4668-BE54-9A1E7A4F7556}") = "Memento", "DesignPatterns\Behavioral\Memento\Memento.csproj", "{7A6C25FD-B6FA-4716-B260-9FE901DA4191}"
EndProject
Project("{9A19103F-16F7-4668-BE54-9A1E7A4F7556}") = "Command", "DesignPatterns\Behavioral\Command\Command.csproj", "{BA0EE073-76BB-4F27-9BD3-DEF007B51BDB}"
EndProject
Project("{9A19103F-16F7-4668-BE54-9A1E7A4F7556}") = "Mediator", "DesignPatterns\Behavioral\Mediator\Mediator.csproj", "{0AF1EB82-C43B-4AB1-AAB0-1B2AB238DECF}"
EndProject
Project("{9A19103F-16F7-4668-BE54-9A1E7A4F7556}") = "State", "DesignPatterns\Behavioral\State\State.csproj", "{17F3B8B3-4947-4F03-93D1-214630B4BC3A}"
EndProject
Project("{9A19103F-16F7-4668-BE54-9A1E7A4F7556}") = "Visitor", "DesignPatterns\Behavioral\Visitor\Visitor.csproj", "{CBCFCE96-2F26-48AB-B588-0E2F8570633F}"
EndProject
Project("{9A19103F-16F7-4668-BE54-9A1E7A4F7556}") = "Strategy", "DesignPatterns\Behavioral\Strategy\Strategy.csproj", "{C5C18E9F-FC62-410D-8571-33414B4EC917}"
EndProject
Project("{9A19103F-16F7-4668-BE54-9A1E7A4F7556}") = "ChainOfResponsibility.Two", "DesignPatterns\Behavioral\ChainOfResponsibility.Two\ChainOfResponsibility.Two.csproj", "{EF97942D-E122-4D96-B32C-0AFD225836E9}"
EndProject
Project("{9A19103F-16F7-4668-BE54-9A1E7A4F7556}") = "TicTacToeRefactoring", "DesignPatterns\TicTacToeRefactoring\TicTacToeRefactoring.csproj", "{81D89DFC-1C60-4690-B9B5-2EF6C94FADAA}"
EndProject
Project("{9A19103F-16F7-4668-BE54-9A1E7A4F7556}") = "TemplateMethod", "DesignPatterns\Behavioral\TemplateMethod\TemplateMethod.csproj", "{2274FAE0-0AF8-4914-8190-600CE33B46CE}"
EndProject
Project("{9A19103F-16F7-4668-BE54-9A1E7A4F7556}") = "Interpreter", "DesignPatterns\Behavioral\Interpreter\Interpreter.csproj", "{8DC2A7C8-BD8B-48F2-88E3-B0701553C853}"
EndProject
Project("{2150E333-8FDC-42A3-9474-1A3956D46DE8}") = "DesignPatterns", "DesignPatterns", "{6270B260-7DD4-44C2-BE84-DFBC1D514436}"
EndProject
Project("{9A19103F-16F7-4668-BE54-9A1E7A4F7556}") = "RELACJE", "RELACJE\RELACJE.csproj", "{866E2969-B10C-4B4A-B0E0-217708F3B077}"
EndProject
Project("{9A19103F-16F7-4668-BE54-9A1E7A4F7556}") = "Polimorfizm", "Polimorfizm\Polimorfizm.csproj", "{8D0EE72C-51A0-42BE-8E7D-E6C191427A0A}"
EndProject
Project("{9A19103F-16F7-4668-BE54-9A1E7A4F7556}") = "Builder.Two", "DesignPatterns\Creational\Builder.Two\Builder.Two.csproj", "{987AD6D8-F4D1-4351-8803-2705CDBB9ACB}"
EndProject
Project("{9A19103F-16F7-4668-BE54-9A1E7A4F7556}") = "FactoryMethod.Two", "DesignPatterns\Creational\FactoryMethod.Two\FactoryMethod.Two.csproj", "{AB2697EB-3022-4F9C-B100-F34FB7E67B75}"
EndProject
Project("{9A19103F-16F7-4668-BE54-9A1E7A4F7556}") = "FactoryMethod", "DesignPatterns\Creational\FactoryMethod\FactoryMethod.csproj", "{BC78F393-1607-436C-B4BD-259F52523528}"
EndProject
Project("{9A19103F-16F7-4668-BE54-9A1E7A4F7556}") = "AbstractFactory.Two", "DesignPatterns\Creational\AbstractFactory.Two\AbstractFactory.Two.csproj", "{2C693D24-13BD-45C5-BF9A-CCBCE9999594}"
EndProject
Project("{9A19103F-16F7-4668-BE54-9A1E7A4F7556}") = "Prototype.Two", "DesignPatterns\Creational\Prototype.Two\Prototype.Two.csproj", "{9D19A2C3-9335-4F20-86F5-CF24740683C7}"
EndProject
Project("{9A19103F-16F7-4668-BE54-9A1E7A4F7556}") = "Singleton", "DesignPatterns\Creational\Singleton\Singleton.csproj", "{6860E67F-8113-48B9-A5C1-702E1CBF11D4}"
EndProject
Project("{9A19103F-16F7-4668-BE54-9A1E7A4F7556}") = "Adapter.Two", "DesignPatterns\Structural\Adapter.Two\Adapter.Two.csproj", "{0F1DEC0B-C36B-4E7E-BFF9-EE244340C2DA}"
EndProject
Project("{9A19103F-16F7-4668-BE54-9A1E7A4F7556}") = "Decorator.Two", "DesignPatterns\Structural\Decorator.Two\Decorator.Two.csproj", "{80E2DDF5-4BAA-4FF1-A276-6E0E67C5B113}"
EndProject
Project("{9A19103F-16F7-4668-BE54-9A1E7A4F7556}") = "Proxy.Two", "DesignPatterns\Structural\Proxy.Two\Proxy.Two.csproj", "{13AB0AAC-7371-44D1-9021-EECE7216AC44}"
EndProject
Project("{9A19103F-16F7-4668-BE54-9A1E7A4F7556}") = "Bridge.Two", "DesignPatterns\Structural\Bridge.Two\Bridge.Two.csproj", "{B0A5401D-3888-44BD-A9A7-212A782F51EA}"
EndProject
Project("{9A19103F-16F7-4668-BE54-9A1E7A4F7556}") = "Flyweight", "DesignPatterns\Structural\Flyweight\Flyweight.csproj", "{2AC9D5AE-C4F4-4534-8F34-FC0D006E5868}"
EndProject
Project("{9A19103F-16F7-4668-BE54-9A1E7A4F7556}") = "Facade.Two", "DesignPatterns\Structural\Facade.Two\Facade.Two.csproj", "{91BE65B3-2856-48F0-A96A-29EA306514C7}"
EndProject
Project("{9A19103F-16F7-4668-BE54-9A1E7A4F7556}") = "ChainOfResponsibility.Three", "DesignPatterns\Behavioral\ChainOfResponsibility.Three\ChainOfResponsibility.Three.csproj", "{DC198102-3347-4D17-B13E-984BA49B3948}"
EndProject
Project("{9A19103F-16F7-4668-BE54-9A1E7A4F7556}") = "Mediator.Two", "DesignPatterns\Behavioral\Mediator.Two\Mediator.Two.csproj", "{E09D4866-EECE-498C-AB33-93378A913F1B}"
EndProject
Project("{9A19103F-16F7-4668-BE54-9A1E7A4F7556}") = "Observer.Two", "DesignPatterns\Behavioral\Observer.Two\Observer.Two.csproj", "{09995241-2993-40BF-A310-C28F94333E72}"
EndProject
Project("{9A19103F-16F7-4668-BE54-9A1E7A4F7556}") = "TemplateMethod.Two", "DesignPatterns\Behavioral\TemplateMethod.Two\TemplateMethod.Two.csproj", "{059851D4-0918-4ED9-BC31-45BAA2B23E43}"
EndProject
Project("{9A19103F-16F7-4668-BE54-9A1E7A4F7556}") = "Strategy.Two", "DesignPatterns\Behavioral\Strategy.Two\Strategy.Two.csproj", "{AE5C87CE-B488-4FCB-9E3D-829969332837}"
EndProject
Project("{9A19103F-16F7-4668-BE54-9A1E7A4F7556}") = "State.Two", "DesignPatterns\Behavioral\State.Two\State.Two.csproj", "{CF56679B-6BDA-4DAC-A5B9-1D78FA22FDCE}"
EndProject
Project("{9A19103F-16F7-4668-BE54-9A1E7A4F7556}") = "Interpreter.Two", "DesignPatterns\Behavioral\Interpreter.Two\Interpreter.Two.csproj", "{8BBA4A70-77B9-48BB-97B8-CA0F2F683529}"
EndProject
Project("{9A19103F-16F7-4668-BE54-9A1E7A4F7556}") = "Iterator", "DesignPatterns\Behavioral\Iterator\Iterator.csproj", "{8F963D53-8E06-4726-835B-123CDFB48EF4}"
EndProject
Project("{9A19103F-16F7-4668-BE54-9A1E7A4F7556}") = "Memento.Two", "DesignPatterns\Behavioral\Memento.Two\Memento.Two.csproj", "{B1D3F197-5EB6-460F-8E10-6B170862DF2F}"
EndProject
Project("{2150E333-8FDC-42A3-9474-1A3956D46DE8}") = "DesignPatterns_InWork", "DesignPatterns_InWork", "{3A1B0204-C02D-4208-BDDA-145D649302DC}"
EndProject
Project("{9A19103F-16F7-4668-BE54-9A1E7A4F7556}") = "strategy", "DesignPatterns_InWork\strategy\strategy.csproj", "{ED9737EF-4F26-4BA6-BA4F-7141F8627C36}"
EndProject
Project("{9A19103F-16F7-4668-BE54-9A1E7A4F7556}") = "flyweight", "DesignPatterns_InWork\flyweight\flyweight.csproj", "{B0F80E15-87A5-485A-89CC-68EA34F7085E}"
EndProject
Project("{2150E333-8FDC-42A3-9474-1A3956D46DE8}") = "Structural", "Structural", "{2295B6E9-F7DA-4726-91E4-6F93845B8298}"
EndProject
Project("{2150E333-8FDC-42A3-9474-1A3956D46DE8}") = "Creational", "Creational", "{783E3508-59F5-45A0-A73C-65E06B429BA2}"
EndProject
Project("{2150E333-8FDC-42A3-9474-1A3956D46DE8}") = "Behavioral", "Behavioral", "{748338DA-E2A4-4AC8-8BF2-25EE877150F2}"
EndProject
Global
	GlobalSection(SolutionConfigurationPlatforms) = preSolution
		Debug|Any CPU = Debug|Any CPU
		Release|Any CPU = Release|Any CPU
	EndGlobalSection
	GlobalSection(ProjectConfigurationPlatforms) = postSolution
		{25963FA8-7622-488D-B83C-51EBBAAAF501}.Debug|Any CPU.ActiveCfg = Debug|Any CPU
		{25963FA8-7622-488D-B83C-51EBBAAAF501}.Debug|Any CPU.Build.0 = Debug|Any CPU
		{25963FA8-7622-488D-B83C-51EBBAAAF501}.Release|Any CPU.ActiveCfg = Release|Any CPU
		{25963FA8-7622-488D-B83C-51EBBAAAF501}.Release|Any CPU.Build.0 = Release|Any CPU
		{BDA2988F-367F-441C-94A8-06B1E29C85DB}.Debug|Any CPU.ActiveCfg = Debug|Any CPU
		{BDA2988F-367F-441C-94A8-06B1E29C85DB}.Debug|Any CPU.Build.0 = Debug|Any CPU
		{BDA2988F-367F-441C-94A8-06B1E29C85DB}.Release|Any CPU.ActiveCfg = Release|Any CPU
		{BDA2988F-367F-441C-94A8-06B1E29C85DB}.Release|Any CPU.Build.0 = Release|Any CPU
		{79D8637A-87DA-4E62-8669-EBF92552E009}.Debug|Any CPU.ActiveCfg = Debug|Any CPU
		{79D8637A-87DA-4E62-8669-EBF92552E009}.Debug|Any CPU.Build.0 = Debug|Any CPU
		{79D8637A-87DA-4E62-8669-EBF92552E009}.Release|Any CPU.ActiveCfg = Release|Any CPU
		{79D8637A-87DA-4E62-8669-EBF92552E009}.Release|Any CPU.Build.0 = Release|Any CPU
		{EE3BE047-E3A8-4045-A78F-95E81AF3D6BA}.Debug|Any CPU.ActiveCfg = Debug|Any CPU
		{EE3BE047-E3A8-4045-A78F-95E81AF3D6BA}.Debug|Any CPU.Build.0 = Debug|Any CPU
		{EE3BE047-E3A8-4045-A78F-95E81AF3D6BA}.Release|Any CPU.ActiveCfg = Release|Any CPU
		{EE3BE047-E3A8-4045-A78F-95E81AF3D6BA}.Release|Any CPU.Build.0 = Release|Any CPU
		{A5759127-EA82-4875-836C-69896DF44D3D}.Debug|Any CPU.ActiveCfg = Debug|Any CPU
		{A5759127-EA82-4875-836C-69896DF44D3D}.Debug|Any CPU.Build.0 = Debug|Any CPU
		{A5759127-EA82-4875-836C-69896DF44D3D}.Release|Any CPU.ActiveCfg = Release|Any CPU
		{A5759127-EA82-4875-836C-69896DF44D3D}.Release|Any CPU.Build.0 = Release|Any CPU
		{381FBDF5-3D3F-4B52-8325-38D86AC46D74}.Debug|Any CPU.ActiveCfg = Debug|Any CPU
		{381FBDF5-3D3F-4B52-8325-38D86AC46D74}.Debug|Any CPU.Build.0 = Debug|Any CPU
		{381FBDF5-3D3F-4B52-8325-38D86AC46D74}.Release|Any CPU.ActiveCfg = Release|Any CPU
		{381FBDF5-3D3F-4B52-8325-38D86AC46D74}.Release|Any CPU.Build.0 = Release|Any CPU
		{D8BB6AC0-F5DD-41E3-9EBD-0EBE3CF1A1BB}.Debug|Any CPU.ActiveCfg = Debug|Any CPU
		{D8BB6AC0-F5DD-41E3-9EBD-0EBE3CF1A1BB}.Debug|Any CPU.Build.0 = Debug|Any CPU
		{D8BB6AC0-F5DD-41E3-9EBD-0EBE3CF1A1BB}.Release|Any CPU.ActiveCfg = Release|Any CPU
		{D8BB6AC0-F5DD-41E3-9EBD-0EBE3CF1A1BB}.Release|Any CPU.Build.0 = Release|Any CPU
		{1A870D57-E05B-4C18-A873-2B69C585A226}.Debug|Any CPU.ActiveCfg = Debug|Any CPU
		{1A870D57-E05B-4C18-A873-2B69C585A226}.Debug|Any CPU.Build.0 = Debug|Any CPU
		{1A870D57-E05B-4C18-A873-2B69C585A226}.Release|Any CPU.ActiveCfg = Release|Any CPU
		{1A870D57-E05B-4C18-A873-2B69C585A226}.Release|Any CPU.Build.0 = Release|Any CPU
		{77904CA9-8BE8-42D5-9CED-348203AEFBD5}.Debug|Any CPU.ActiveCfg = Debug|Any CPU
		{77904CA9-8BE8-42D5-9CED-348203AEFBD5}.Debug|Any CPU.Build.0 = Debug|Any CPU
		{77904CA9-8BE8-42D5-9CED-348203AEFBD5}.Release|Any CPU.ActiveCfg = Release|Any CPU
		{77904CA9-8BE8-42D5-9CED-348203AEFBD5}.Release|Any CPU.Build.0 = Release|Any CPU
		{E4079AC5-A3CA-4254-8713-44788908D7A5}.Debug|Any CPU.ActiveCfg = Debug|Any CPU
		{E4079AC5-A3CA-4254-8713-44788908D7A5}.Debug|Any CPU.Build.0 = Debug|Any CPU
		{E4079AC5-A3CA-4254-8713-44788908D7A5}.Release|Any CPU.ActiveCfg = Release|Any CPU
		{E4079AC5-A3CA-4254-8713-44788908D7A5}.Release|Any CPU.Build.0 = Release|Any CPU
		{888C607B-5D05-4425-83DD-B03F642DC3C3}.Debug|Any CPU.ActiveCfg = Debug|Any CPU
		{888C607B-5D05-4425-83DD-B03F642DC3C3}.Debug|Any CPU.Build.0 = Debug|Any CPU
		{888C607B-5D05-4425-83DD-B03F642DC3C3}.Release|Any CPU.ActiveCfg = Release|Any CPU
		{888C607B-5D05-4425-83DD-B03F642DC3C3}.Release|Any CPU.Build.0 = Release|Any CPU
		{D9813586-A2DF-412F-952A-8537F2671A47}.Debug|Any CPU.ActiveCfg = Debug|Any CPU
		{D9813586-A2DF-412F-952A-8537F2671A47}.Debug|Any CPU.Build.0 = Debug|Any CPU
		{D9813586-A2DF-412F-952A-8537F2671A47}.Release|Any CPU.ActiveCfg = Release|Any CPU
		{D9813586-A2DF-412F-952A-8537F2671A47}.Release|Any CPU.Build.0 = Release|Any CPU
		{005D6E55-3118-4F02-B3A5-2989A2080664}.Debug|Any CPU.ActiveCfg = Debug|Any CPU
		{005D6E55-3118-4F02-B3A5-2989A2080664}.Debug|Any CPU.Build.0 = Debug|Any CPU
		{005D6E55-3118-4F02-B3A5-2989A2080664}.Release|Any CPU.ActiveCfg = Release|Any CPU
		{005D6E55-3118-4F02-B3A5-2989A2080664}.Release|Any CPU.Build.0 = Release|Any CPU
		{8AED8F85-25EE-4DE4-9BDC-EF3DCFF5709A}.Debug|Any CPU.ActiveCfg = Debug|Any CPU
		{8AED8F85-25EE-4DE4-9BDC-EF3DCFF5709A}.Debug|Any CPU.Build.0 = Debug|Any CPU
		{8AED8F85-25EE-4DE4-9BDC-EF3DCFF5709A}.Release|Any CPU.ActiveCfg = Release|Any CPU
		{8AED8F85-25EE-4DE4-9BDC-EF3DCFF5709A}.Release|Any CPU.Build.0 = Release|Any CPU
		{EFD4086C-69D3-47BA-9605-4C83CCB4513D}.Debug|Any CPU.ActiveCfg = Debug|Any CPU
		{EFD4086C-69D3-47BA-9605-4C83CCB4513D}.Debug|Any CPU.Build.0 = Debug|Any CPU
		{EFD4086C-69D3-47BA-9605-4C83CCB4513D}.Release|Any CPU.ActiveCfg = Release|Any CPU
		{EFD4086C-69D3-47BA-9605-4C83CCB4513D}.Release|Any CPU.Build.0 = Release|Any CPU
		{7A6C25FD-B6FA-4716-B260-9FE901DA4191}.Debug|Any CPU.ActiveCfg = Debug|Any CPU
		{7A6C25FD-B6FA-4716-B260-9FE901DA4191}.Debug|Any CPU.Build.0 = Debug|Any CPU
		{7A6C25FD-B6FA-4716-B260-9FE901DA4191}.Release|Any CPU.ActiveCfg = Release|Any CPU
		{7A6C25FD-B6FA-4716-B260-9FE901DA4191}.Release|Any CPU.Build.0 = Release|Any CPU
		{BA0EE073-76BB-4F27-9BD3-DEF007B51BDB}.Debug|Any CPU.ActiveCfg = Debug|Any CPU
		{BA0EE073-76BB-4F27-9BD3-DEF007B51BDB}.Debug|Any CPU.Build.0 = Debug|Any CPU
		{BA0EE073-76BB-4F27-9BD3-DEF007B51BDB}.Release|Any CPU.ActiveCfg = Release|Any CPU
		{BA0EE073-76BB-4F27-9BD3-DEF007B51BDB}.Release|Any CPU.Build.0 = Release|Any CPU
		{0AF1EB82-C43B-4AB1-AAB0-1B2AB238DECF}.Debug|Any CPU.ActiveCfg = Debug|Any CPU
		{0AF1EB82-C43B-4AB1-AAB0-1B2AB238DECF}.Debug|Any CPU.Build.0 = Debug|Any CPU
		{0AF1EB82-C43B-4AB1-AAB0-1B2AB238DECF}.Release|Any CPU.ActiveCfg = Release|Any CPU
		{0AF1EB82-C43B-4AB1-AAB0-1B2AB238DECF}.Release|Any CPU.Build.0 = Release|Any CPU
		{17F3B8B3-4947-4F03-93D1-214630B4BC3A}.Debug|Any CPU.ActiveCfg = Debug|Any CPU
		{17F3B8B3-4947-4F03-93D1-214630B4BC3A}.Debug|Any CPU.Build.0 = Debug|Any CPU
		{17F3B8B3-4947-4F03-93D1-214630B4BC3A}.Release|Any CPU.ActiveCfg = Release|Any CPU
		{17F3B8B3-4947-4F03-93D1-214630B4BC3A}.Release|Any CPU.Build.0 = Release|Any CPU
		{CBCFCE96-2F26-48AB-B588-0E2F8570633F}.Debug|Any CPU.ActiveCfg = Debug|Any CPU
		{CBCFCE96-2F26-48AB-B588-0E2F8570633F}.Debug|Any CPU.Build.0 = Debug|Any CPU
		{CBCFCE96-2F26-48AB-B588-0E2F8570633F}.Release|Any CPU.ActiveCfg = Release|Any CPU
		{CBCFCE96-2F26-48AB-B588-0E2F8570633F}.Release|Any CPU.Build.0 = Release|Any CPU
		{C5C18E9F-FC62-410D-8571-33414B4EC917}.Debug|Any CPU.ActiveCfg = Debug|Any CPU
		{C5C18E9F-FC62-410D-8571-33414B4EC917}.Debug|Any CPU.Build.0 = Debug|Any CPU
		{C5C18E9F-FC62-410D-8571-33414B4EC917}.Release|Any CPU.ActiveCfg = Release|Any CPU
		{C5C18E9F-FC62-410D-8571-33414B4EC917}.Release|Any CPU.Build.0 = Release|Any CPU
		{EF97942D-E122-4D96-B32C-0AFD225836E9}.Debug|Any CPU.ActiveCfg = Debug|Any CPU
		{EF97942D-E122-4D96-B32C-0AFD225836E9}.Debug|Any CPU.Build.0 = Debug|Any CPU
		{EF97942D-E122-4D96-B32C-0AFD225836E9}.Release|Any CPU.ActiveCfg = Release|Any CPU
		{EF97942D-E122-4D96-B32C-0AFD225836E9}.Release|Any CPU.Build.0 = Release|Any CPU
		{81D89DFC-1C60-4690-B9B5-2EF6C94FADAA}.Debug|Any CPU.ActiveCfg = Debug|Any CPU
		{81D89DFC-1C60-4690-B9B5-2EF6C94FADAA}.Debug|Any CPU.Build.0 = Debug|Any CPU
		{81D89DFC-1C60-4690-B9B5-2EF6C94FADAA}.Release|Any CPU.ActiveCfg = Release|Any CPU
		{81D89DFC-1C60-4690-B9B5-2EF6C94FADAA}.Release|Any CPU.Build.0 = Release|Any CPU
		{2274FAE0-0AF8-4914-8190-600CE33B46CE}.Debug|Any CPU.ActiveCfg = Debug|Any CPU
		{2274FAE0-0AF8-4914-8190-600CE33B46CE}.Debug|Any CPU.Build.0 = Debug|Any CPU
		{2274FAE0-0AF8-4914-8190-600CE33B46CE}.Release|Any CPU.ActiveCfg = Release|Any CPU
		{2274FAE0-0AF8-4914-8190-600CE33B46CE}.Release|Any CPU.Build.0 = Release|Any CPU
		{8DC2A7C8-BD8B-48F2-88E3-B0701553C853}.Debug|Any CPU.ActiveCfg = Debug|Any CPU
		{8DC2A7C8-BD8B-48F2-88E3-B0701553C853}.Debug|Any CPU.Build.0 = Debug|Any CPU
		{8DC2A7C8-BD8B-48F2-88E3-B0701553C853}.Release|Any CPU.ActiveCfg = Release|Any CPU
		{8DC2A7C8-BD8B-48F2-88E3-B0701553C853}.Release|Any CPU.Build.0 = Release|Any CPU
		{866E2969-B10C-4B4A-B0E0-217708F3B077}.Debug|Any CPU.ActiveCfg = Debug|Any CPU
		{866E2969-B10C-4B4A-B0E0-217708F3B077}.Debug|Any CPU.Build.0 = Debug|Any CPU
		{866E2969-B10C-4B4A-B0E0-217708F3B077}.Release|Any CPU.ActiveCfg = Release|Any CPU
		{866E2969-B10C-4B4A-B0E0-217708F3B077}.Release|Any CPU.Build.0 = Release|Any CPU
		{8D0EE72C-51A0-42BE-8E7D-E6C191427A0A}.Debug|Any CPU.ActiveCfg = Debug|Any CPU
		{8D0EE72C-51A0-42BE-8E7D-E6C191427A0A}.Debug|Any CPU.Build.0 = Debug|Any CPU
		{8D0EE72C-51A0-42BE-8E7D-E6C191427A0A}.Release|Any CPU.ActiveCfg = Release|Any CPU
		{8D0EE72C-51A0-42BE-8E7D-E6C191427A0A}.Release|Any CPU.Build.0 = Release|Any CPU
		{987AD6D8-F4D1-4351-8803-2705CDBB9ACB}.Debug|Any CPU.ActiveCfg = Debug|Any CPU
		{987AD6D8-F4D1-4351-8803-2705CDBB9ACB}.Debug|Any CPU.Build.0 = Debug|Any CPU
		{987AD6D8-F4D1-4351-8803-2705CDBB9ACB}.Release|Any CPU.ActiveCfg = Release|Any CPU
		{987AD6D8-F4D1-4351-8803-2705CDBB9ACB}.Release|Any CPU.Build.0 = Release|Any CPU
		{AB2697EB-3022-4F9C-B100-F34FB7E67B75}.Debug|Any CPU.ActiveCfg = Debug|Any CPU
		{AB2697EB-3022-4F9C-B100-F34FB7E67B75}.Debug|Any CPU.Build.0 = Debug|Any CPU
		{AB2697EB-3022-4F9C-B100-F34FB7E67B75}.Release|Any CPU.ActiveCfg = Release|Any CPU
		{AB2697EB-3022-4F9C-B100-F34FB7E67B75}.Release|Any CPU.Build.0 = Release|Any CPU
		{BC78F393-1607-436C-B4BD-259F52523528}.Debug|Any CPU.ActiveCfg = Debug|Any CPU
		{BC78F393-1607-436C-B4BD-259F52523528}.Debug|Any CPU.Build.0 = Debug|Any CPU
		{BC78F393-1607-436C-B4BD-259F52523528}.Release|Any CPU.ActiveCfg = Release|Any CPU
		{BC78F393-1607-436C-B4BD-259F52523528}.Release|Any CPU.Build.0 = Release|Any CPU
		{2C693D24-13BD-45C5-BF9A-CCBCE9999594}.Debug|Any CPU.ActiveCfg = Debug|Any CPU
		{2C693D24-13BD-45C5-BF9A-CCBCE9999594}.Debug|Any CPU.Build.0 = Debug|Any CPU
		{2C693D24-13BD-45C5-BF9A-CCBCE9999594}.Release|Any CPU.ActiveCfg = Release|Any CPU
		{2C693D24-13BD-45C5-BF9A-CCBCE9999594}.Release|Any CPU.Build.0 = Release|Any CPU
		{9D19A2C3-9335-4F20-86F5-CF24740683C7}.Debug|Any CPU.ActiveCfg = Debug|Any CPU
		{9D19A2C3-9335-4F20-86F5-CF24740683C7}.Debug|Any CPU.Build.0 = Debug|Any CPU
		{9D19A2C3-9335-4F20-86F5-CF24740683C7}.Release|Any CPU.ActiveCfg = Release|Any CPU
		{9D19A2C3-9335-4F20-86F5-CF24740683C7}.Release|Any CPU.Build.0 = Release|Any CPU
		{6860E67F-8113-48B9-A5C1-702E1CBF11D4}.Debug|Any CPU.ActiveCfg = Debug|Any CPU
		{6860E67F-8113-48B9-A5C1-702E1CBF11D4}.Debug|Any CPU.Build.0 = Debug|Any CPU
		{6860E67F-8113-48B9-A5C1-702E1CBF11D4}.Release|Any CPU.ActiveCfg = Release|Any CPU
		{6860E67F-8113-48B9-A5C1-702E1CBF11D4}.Release|Any CPU.Build.0 = Release|Any CPU
		{0F1DEC0B-C36B-4E7E-BFF9-EE244340C2DA}.Debug|Any CPU.ActiveCfg = Debug|Any CPU
		{0F1DEC0B-C36B-4E7E-BFF9-EE244340C2DA}.Debug|Any CPU.Build.0 = Debug|Any CPU
		{0F1DEC0B-C36B-4E7E-BFF9-EE244340C2DA}.Release|Any CPU.ActiveCfg = Release|Any CPU
		{0F1DEC0B-C36B-4E7E-BFF9-EE244340C2DA}.Release|Any CPU.Build.0 = Release|Any CPU
		{80E2DDF5-4BAA-4FF1-A276-6E0E67C5B113}.Debug|Any CPU.ActiveCfg = Debug|Any CPU
		{80E2DDF5-4BAA-4FF1-A276-6E0E67C5B113}.Debug|Any CPU.Build.0 = Debug|Any CPU
		{80E2DDF5-4BAA-4FF1-A276-6E0E67C5B113}.Release|Any CPU.ActiveCfg = Release|Any CPU
		{80E2DDF5-4BAA-4FF1-A276-6E0E67C5B113}.Release|Any CPU.Build.0 = Release|Any CPU
		{13AB0AAC-7371-44D1-9021-EECE7216AC44}.Debug|Any CPU.ActiveCfg = Debug|Any CPU
		{13AB0AAC-7371-44D1-9021-EECE7216AC44}.Debug|Any CPU.Build.0 = Debug|Any CPU
		{13AB0AAC-7371-44D1-9021-EECE7216AC44}.Release|Any CPU.ActiveCfg = Release|Any CPU
		{13AB0AAC-7371-44D1-9021-EECE7216AC44}.Release|Any CPU.Build.0 = Release|Any CPU
		{B0A5401D-3888-44BD-A9A7-212A782F51EA}.Debug|Any CPU.ActiveCfg = Debug|Any CPU
		{B0A5401D-3888-44BD-A9A7-212A782F51EA}.Debug|Any CPU.Build.0 = Debug|Any CPU
		{B0A5401D-3888-44BD-A9A7-212A782F51EA}.Release|Any CPU.ActiveCfg = Release|Any CPU
		{B0A5401D-3888-44BD-A9A7-212A782F51EA}.Release|Any CPU.Build.0 = Release|Any CPU
		{2AC9D5AE-C4F4-4534-8F34-FC0D006E5868}.Debug|Any CPU.ActiveCfg = Debug|Any CPU
		{2AC9D5AE-C4F4-4534-8F34-FC0D006E5868}.Debug|Any CPU.Build.0 = Debug|Any CPU
		{2AC9D5AE-C4F4-4534-8F34-FC0D006E5868}.Release|Any CPU.ActiveCfg = Release|Any CPU
		{2AC9D5AE-C4F4-4534-8F34-FC0D006E5868}.Release|Any CPU.Build.0 = Release|Any CPU
		{91BE65B3-2856-48F0-A96A-29EA306514C7}.Debug|Any CPU.ActiveCfg = Debug|Any CPU
		{91BE65B3-2856-48F0-A96A-29EA306514C7}.Debug|Any CPU.Build.0 = Debug|Any CPU
		{91BE65B3-2856-48F0-A96A-29EA306514C7}.Release|Any CPU.ActiveCfg = Release|Any CPU
		{91BE65B3-2856-48F0-A96A-29EA306514C7}.Release|Any CPU.Build.0 = Release|Any CPU
		{DC198102-3347-4D17-B13E-984BA49B3948}.Debug|Any CPU.ActiveCfg = Debug|Any CPU
		{DC198102-3347-4D17-B13E-984BA49B3948}.Debug|Any CPU.Build.0 = Debug|Any CPU
		{DC198102-3347-4D17-B13E-984BA49B3948}.Release|Any CPU.ActiveCfg = Release|Any CPU
		{DC198102-3347-4D17-B13E-984BA49B3948}.Release|Any CPU.Build.0 = Release|Any CPU
		{E09D4866-EECE-498C-AB33-93378A913F1B}.Debug|Any CPU.ActiveCfg = Debug|Any CPU
		{E09D4866-EECE-498C-AB33-93378A913F1B}.Debug|Any CPU.Build.0 = Debug|Any CPU
		{E09D4866-EECE-498C-AB33-93378A913F1B}.Release|Any CPU.ActiveCfg = Release|Any CPU
		{E09D4866-EECE-498C-AB33-93378A913F1B}.Release|Any CPU.Build.0 = Release|Any CPU
		{09995241-2993-40BF-A310-C28F94333E72}.Debug|Any CPU.ActiveCfg = Debug|Any CPU
		{09995241-2993-40BF-A310-C28F94333E72}.Debug|Any CPU.Build.0 = Debug|Any CPU
		{09995241-2993-40BF-A310-C28F94333E72}.Release|Any CPU.ActiveCfg = Release|Any CPU
		{09995241-2993-40BF-A310-C28F94333E72}.Release|Any CPU.Build.0 = Release|Any CPU
		{059851D4-0918-4ED9-BC31-45BAA2B23E43}.Debug|Any CPU.ActiveCfg = Debug|Any CPU
		{059851D4-0918-4ED9-BC31-45BAA2B23E43}.Debug|Any CPU.Build.0 = Debug|Any CPU
		{059851D4-0918-4ED9-BC31-45BAA2B23E43}.Release|Any CPU.ActiveCfg = Release|Any CPU
		{059851D4-0918-4ED9-BC31-45BAA2B23E43}.Release|Any CPU.Build.0 = Release|Any CPU
		{AE5C87CE-B488-4FCB-9E3D-829969332837}.Debug|Any CPU.ActiveCfg = Debug|Any CPU
		{AE5C87CE-B488-4FCB-9E3D-829969332837}.Debug|Any CPU.Build.0 = Debug|Any CPU
		{AE5C87CE-B488-4FCB-9E3D-829969332837}.Release|Any CPU.ActiveCfg = Release|Any CPU
		{AE5C87CE-B488-4FCB-9E3D-829969332837}.Release|Any CPU.Build.0 = Release|Any CPU
		{CF56679B-6BDA-4DAC-A5B9-1D78FA22FDCE}.Debug|Any CPU.ActiveCfg = Debug|Any CPU
		{CF56679B-6BDA-4DAC-A5B9-1D78FA22FDCE}.Debug|Any CPU.Build.0 = Debug|Any CPU
		{CF56679B-6BDA-4DAC-A5B9-1D78FA22FDCE}.Release|Any CPU.ActiveCfg = Release|Any CPU
		{CF56679B-6BDA-4DAC-A5B9-1D78FA22FDCE}.Release|Any CPU.Build.0 = Release|Any CPU
		{8BBA4A70-77B9-48BB-97B8-CA0F2F683529}.Debug|Any CPU.ActiveCfg = Debug|Any CPU
		{8BBA4A70-77B9-48BB-97B8-CA0F2F683529}.Debug|Any CPU.Build.0 = Debug|Any CPU
		{8BBA4A70-77B9-48BB-97B8-CA0F2F683529}.Release|Any CPU.ActiveCfg = Release|Any CPU
		{8BBA4A70-77B9-48BB-97B8-CA0F2F683529}.Release|Any CPU.Build.0 = Release|Any CPU
		{8F963D53-8E06-4726-835B-123CDFB48EF4}.Debug|Any CPU.ActiveCfg = Debug|Any CPU
		{8F963D53-8E06-4726-835B-123CDFB48EF4}.Debug|Any CPU.Build.0 = Debug|Any CPU
		{8F963D53-8E06-4726-835B-123CDFB48EF4}.Release|Any CPU.ActiveCfg = Release|Any CPU
		{8F963D53-8E06-4726-835B-123CDFB48EF4}.Release|Any CPU.Build.0 = Release|Any CPU
		{B1D3F197-5EB6-460F-8E10-6B170862DF2F}.Debug|Any CPU.ActiveCfg = Debug|Any CPU
		{B1D3F197-5EB6-460F-8E10-6B170862DF2F}.Debug|Any CPU.Build.0 = Debug|Any CPU
		{B1D3F197-5EB6-460F-8E10-6B170862DF2F}.Release|Any CPU.ActiveCfg = Release|Any CPU
		{B1D3F197-5EB6-460F-8E10-6B170862DF2F}.Release|Any CPU.Build.0 = Release|Any CPU
		{ED9737EF-4F26-4BA6-BA4F-7141F8627C36}.Debug|Any CPU.ActiveCfg = Debug|Any CPU
		{ED9737EF-4F26-4BA6-BA4F-7141F8627C36}.Debug|Any CPU.Build.0 = Debug|Any CPU
		{ED9737EF-4F26-4BA6-BA4F-7141F8627C36}.Release|Any CPU.ActiveCfg = Release|Any CPU
		{ED9737EF-4F26-4BA6-BA4F-7141F8627C36}.Release|Any CPU.Build.0 = Release|Any CPU
		{B0F80E15-87A5-485A-89CC-68EA34F7085E}.Debug|Any CPU.ActiveCfg = Debug|Any CPU
		{B0F80E15-87A5-485A-89CC-68EA34F7085E}.Debug|Any CPU.Build.0 = Debug|Any CPU
		{B0F80E15-87A5-485A-89CC-68EA34F7085E}.Release|Any CPU.ActiveCfg = Release|Any CPU
		{B0F80E15-87A5-485A-89CC-68EA34F7085E}.Release|Any CPU.Build.0 = Release|Any CPU
	EndGlobalSection
	GlobalSection(SolutionProperties) = preSolution
		HideSolutionNode = FALSE
	EndGlobalSection
	GlobalSection(NestedProjects) = preSolution
		{25963FA8-7622-488D-B83C-51EBBAAAF501} = {6270B260-7DD4-44C2-BE84-DFBC1D514436}
		{BDA2988F-367F-441C-94A8-06B1E29C85DB} = {6270B260-7DD4-44C2-BE84-DFBC1D514436}
		{79D8637A-87DA-4E62-8669-EBF92552E009} = {783E3508-59F5-45A0-A73C-65E06B429BA2}
		{EE3BE047-E3A8-4045-A78F-95E81AF3D6BA} = {783E3508-59F5-45A0-A73C-65E06B429BA2}
		{A5759127-EA82-4875-836C-69896DF44D3D} = {783E3508-59F5-45A0-A73C-65E06B429BA2}
		{381FBDF5-3D3F-4B52-8325-38D86AC46D74} = {2295B6E9-F7DA-4726-91E4-6F93845B8298}
		{D8BB6AC0-F5DD-41E3-9EBD-0EBE3CF1A1BB} = {6270B260-7DD4-44C2-BE84-DFBC1D514436}
		{1A870D57-E05B-4C18-A873-2B69C585A226} = {2295B6E9-F7DA-4726-91E4-6F93845B8298}
		{77904CA9-8BE8-42D5-9CED-348203AEFBD5} = {2295B6E9-F7DA-4726-91E4-6F93845B8298}
		{E4079AC5-A3CA-4254-8713-44788908D7A5} = {2295B6E9-F7DA-4726-91E4-6F93845B8298}
		{888C607B-5D05-4425-83DD-B03F642DC3C3} = {2295B6E9-F7DA-4726-91E4-6F93845B8298}
		{D9813586-A2DF-412F-952A-8537F2671A47} = {2295B6E9-F7DA-4726-91E4-6F93845B8298}
		{005D6E55-3118-4F02-B3A5-2989A2080664} = {6270B260-7DD4-44C2-BE84-DFBC1D514436}
		{8AED8F85-25EE-4DE4-9BDC-EF3DCFF5709A} = {748338DA-E2A4-4AC8-8BF2-25EE877150F2}
		{EFD4086C-69D3-47BA-9605-4C83CCB4513D} = {748338DA-E2A4-4AC8-8BF2-25EE877150F2}
		{7A6C25FD-B6FA-4716-B260-9FE901DA4191} = {748338DA-E2A4-4AC8-8BF2-25EE877150F2}
		{BA0EE073-76BB-4F27-9BD3-DEF007B51BDB} = {748338DA-E2A4-4AC8-8BF2-25EE877150F2}
		{0AF1EB82-C43B-4AB1-AAB0-1B2AB238DECF} = {748338DA-E2A4-4AC8-8BF2-25EE877150F2}
		{17F3B8B3-4947-4F03-93D1-214630B4BC3A} = {748338DA-E2A4-4AC8-8BF2-25EE877150F2}
		{CBCFCE96-2F26-48AB-B588-0E2F8570633F} = {748338DA-E2A4-4AC8-8BF2-25EE877150F2}
		{C5C18E9F-FC62-410D-8571-33414B4EC917} = {748338DA-E2A4-4AC8-8BF2-25EE877150F2}
		{EF97942D-E122-4D96-B32C-0AFD225836E9} = {748338DA-E2A4-4AC8-8BF2-25EE877150F2}
		{81D89DFC-1C60-4690-B9B5-2EF6C94FADAA} = {6270B260-7DD4-44C2-BE84-DFBC1D514436}
		{2274FAE0-0AF8-4914-8190-600CE33B46CE} = {748338DA-E2A4-4AC8-8BF2-25EE877150F2}
		{8DC2A7C8-BD8B-48F2-88E3-B0701553C853} = {748338DA-E2A4-4AC8-8BF2-25EE877150F2}
		{866E2969-B10C-4B4A-B0E0-217708F3B077} = {6270B260-7DD4-44C2-BE84-DFBC1D514436}
		{8D0EE72C-51A0-42BE-8E7D-E6C191427A0A} = {6270B260-7DD4-44C2-BE84-DFBC1D514436}
		{987AD6D8-F4D1-4351-8803-2705CDBB9ACB} = {783E3508-59F5-45A0-A73C-65E06B429BA2}
		{AB2697EB-3022-4F9C-B100-F34FB7E67B75} = {783E3508-59F5-45A0-A73C-65E06B429BA2}
		{BC78F393-1607-436C-B4BD-259F52523528} = {783E3508-59F5-45A0-A73C-65E06B429BA2}
		{2C693D24-13BD-45C5-BF9A-CCBCE9999594} = {783E3508-59F5-45A0-A73C-65E06B429BA2}
		{9D19A2C3-9335-4F20-86F5-CF24740683C7} = {783E3508-59F5-45A0-A73C-65E06B429BA2}
		{6860E67F-8113-48B9-A5C1-702E1CBF11D4} = {783E3508-59F5-45A0-A73C-65E06B429BA2}
		{0F1DEC0B-C36B-4E7E-BFF9-EE244340C2DA} = {2295B6E9-F7DA-4726-91E4-6F93845B8298}
		{80E2DDF5-4BAA-4FF1-A276-6E0E67C5B113} = {2295B6E9-F7DA-4726-91E4-6F93845B8298}
		{13AB0AAC-7371-44D1-9021-EECE7216AC44} = {2295B6E9-F7DA-4726-91E4-6F93845B8298}
		{B0A5401D-3888-44BD-A9A7-212A782F51EA} = {2295B6E9-F7DA-4726-91E4-6F93845B8298}
		{2AC9D5AE-C4F4-4534-8F34-FC0D006E5868} = {2295B6E9-F7DA-4726-91E4-6F93845B8298}
		{91BE65B3-2856-48F0-A96A-29EA306514C7} = {2295B6E9-F7DA-4726-91E4-6F93845B8298}
		{DC198102-3347-4D17-B13E-984BA49B3948} = {748338DA-E2A4-4AC8-8BF2-25EE877150F2}
		{E09D4866-EECE-498C-AB33-93378A913F1B} = {748338DA-E2A4-4AC8-8BF2-25EE877150F2}
		{09995241-2993-40BF-A310-C28F94333E72} = {748338DA-E2A4-4AC8-8BF2-25EE877150F2}
		{059851D4-0918-4ED9-BC31-45BAA2B23E43} = {748338DA-E2A4-4AC8-8BF2-25EE877150F2}
		{AE5C87CE-B488-4FCB-9E3D-829969332837} = {748338DA-E2A4-4AC8-8BF2-25EE877150F2}
		{CF56679B-6BDA-4DAC-A5B9-1D78FA22FDCE} = {748338DA-E2A4-4AC8-8BF2-25EE877150F2}
		{8BBA4A70-77B9-48BB-97B8-CA0F2F683529} = {748338DA-E2A4-4AC8-8BF2-25EE877150F2}
		{8F963D53-8E06-4726-835B-123CDFB48EF4} = {748338DA-E2A4-4AC8-8BF2-25EE877150F2}
		{B1D3F197-5EB6-460F-8E10-6B170862DF2F} = {748338DA-E2A4-4AC8-8BF2-25EE877150F2}
		{ED9737EF-4F26-4BA6-BA4F-7141F8627C36} = {3A1B0204-C02D-4208-BDDA-145D649302DC}
		{B0F80E15-87A5-485A-89CC-68EA34F7085E} = {3A1B0204-C02D-4208-BDDA-145D649302DC}
		{2295B6E9-F7DA-4726-91E4-6F93845B8298} = {6270B260-7DD4-44C2-BE84-DFBC1D514436}
		{783E3508-59F5-45A0-A73C-65E06B429BA2} = {6270B260-7DD4-44C2-BE84-DFBC1D514436}
		{748338DA-E2A4-4AC8-8BF2-25EE877150F2} = {6270B260-7DD4-44C2-BE84-DFBC1D514436}
	EndGlobalSection
	GlobalSection(ExtensibilityGlobals) = postSolution
		SolutionGuid = {260321E5-72D3-43B0-893F-BF1E39065090}
	EndGlobalSection
EndGlobal
