
Microsoft Visual Studio Solution File, Format Version 12.00
# Visual Studio Version 17
VisualStudioVersion = 17.0.31919.166
MinimumVisualStudioVersion = 10.0.40219.1
Project("{9A19103F-16F7-4668-BE54-9A1E7A4F7556}") = "RELACJE", "RELACJE\RELACJE.csproj", "{866E2969-B10C-4B4A-B0E0-217708F3B077}"
EndProject
Project("{9A19103F-16F7-4668-BE54-9A1E7A4F7556}") = "Polimorfizm", "Polimorfizm\Polimorfizm.csproj", "{8D0EE72C-51A0-42BE-8E7D-E6C191427A0A}"
EndProject
Project("{9A19103F-16F7-4668-BE54-9A1E7A4F7556}") = "KBudowniczy", "Budowniczy\KBudowniczy.csproj", "{987AD6D8-F4D1-4351-8803-2705CDBB9ACB}"
EndProject
Project("{9A19103F-16F7-4668-BE54-9A1E7A4F7556}") = "KProstaFabryka", "ProstaFabryka\KProstaFabryka.csproj", "{AB2697EB-3022-4F9C-B100-F34FB7E67B75}"
EndProject
Project("{9A19103F-16F7-4668-BE54-9A1E7A4F7556}") = "KMetodaWytworcza", "MetodaWytworcza\KMetodaWytworcza.csproj", "{BC78F393-1607-436C-B4BD-259F52523528}"
EndProject
Project("{9A19103F-16F7-4668-BE54-9A1E7A4F7556}") = "KFabrykaAbstrakcyjna", "FabrykaAbstrakcyjna\KFabrykaAbstrakcyjna.csproj", "{2C693D24-13BD-45C5-BF9A-CCBCE9999594}"
EndProject
Project("{9A19103F-16F7-4668-BE54-9A1E7A4F7556}") = "KPrototyp", "Prototyp\KPrototyp.csproj", "{9D19A2C3-9335-4F20-86F5-CF24740683C7}"
EndProject
Project("{9A19103F-16F7-4668-BE54-9A1E7A4F7556}") = "KSingleton", "Singleton\KSingleton.csproj", "{6860E67F-8113-48B9-A5C1-702E1CBF11D4}"
EndProject
Project("{9A19103F-16F7-4668-BE54-9A1E7A4F7556}") = "SAdapter", "SAdapter\SAdapter.csproj", "{0F1DEC0B-C36B-4E7E-BFF9-EE244340C2DA}"
EndProject
Project("{9A19103F-16F7-4668-BE54-9A1E7A4F7556}") = "SDekorator", "SDekorator\SDekorator.csproj", "{80E2DDF5-4BAA-4FF1-A276-6E0E67C5B113}"
EndProject
Project("{9A19103F-16F7-4668-BE54-9A1E7A4F7556}") = "SPelnomocnik", "SPelnomocnik\SPelnomocnik.csproj", "{13AB0AAC-7371-44D1-9021-EECE7216AC44}"
EndProject
Project("{9A19103F-16F7-4668-BE54-9A1E7A4F7556}") = "SKompozyt", "Kompozyt\SKompozyt.csproj", "{EBD38975-F3B0-45D6-971A-DE084DE0AA57}"
EndProject
Project("{9A19103F-16F7-4668-BE54-9A1E7A4F7556}") = "SMost", "Most\SMost.csproj", "{B0A5401D-3888-44BD-A9A7-212A782F51EA}"
EndProject
Project("{9A19103F-16F7-4668-BE54-9A1E7A4F7556}") = "SPylek", "SPylek\SPylek.csproj", "{2AC9D5AE-C4F4-4534-8F34-FC0D006E5868}"
EndProject
Project("{9A19103F-16F7-4668-BE54-9A1E7A4F7556}") = "SFasada", "SFasada\SFasada.csproj", "{91BE65B3-2856-48F0-A96A-29EA306514C7}"
EndProject
Project("{9A19103F-16F7-4668-BE54-9A1E7A4F7556}") = "CZLancuchZobowiazan", "CZLancuchZobowiazan\CZLancuchZobowiazan.csproj", "{DC198102-3347-4D17-B13E-984BA49B3948}"
EndProject
Project("{9A19103F-16F7-4668-BE54-9A1E7A4F7556}") = "CZMediator", "CZMediator\CZMediator.csproj", "{E09D4866-EECE-498C-AB33-93378A913F1B}"
EndProject
Project("{9A19103F-16F7-4668-BE54-9A1E7A4F7556}") = "CZObserwator", "CZObserwator\CZObserwator.csproj", "{09995241-2993-40BF-A310-C28F94333E72}"
EndProject
Project("{9A19103F-16F7-4668-BE54-9A1E7A4F7556}") = "CZMetodaSzablonowa", "CZMetodaSzablonowa\CZMetodaSzablonowa.csproj", "{059851D4-0918-4ED9-BC31-45BAA2B23E43}"
EndProject
Project("{FAE04EC0-301F-11D3-BF4B-00C04F79EFBC}") = "CZStrategia", "CZStrategia\CZStrategia.csproj", "{AE5C87CE-B488-4FCB-9E3D-829969332837}"
EndProject
Project("{FAE04EC0-301F-11D3-BF4B-00C04F79EFBC}") = "CZStan", "CZStan\CZStan.csproj", "{CF56679B-6BDA-4DAC-A5B9-1D78FA22FDCE}"
EndProject
Project("{FAE04EC0-301F-11D3-BF4B-00C04F79EFBC}") = "CZInterpreter", "CZInterpreter\CZInterpreter.csproj", "{8BBA4A70-77B9-48BB-97B8-CA0F2F683529}"
EndProject
Project("{FAE04EC0-301F-11D3-BF4B-00C04F79EFBC}") = "CZIterator", "CZIterator\CZIterator.csproj", "{8F963D53-8E06-4726-835B-123CDFB48EF4}"
EndProject
Project("{FAE04EC0-301F-11D3-BF4B-00C04F79EFBC}") = "CZPamiatka", "CZPamiatka\CZPamiatka.csproj", "{B1D3F197-5EB6-460F-8E10-6B170862DF2F}"
EndProject
Project("{FAE04EC0-301F-11D3-BF4B-00C04F79EFBC}") = "CZOdwiedzajacy", "CZOdwiedzajacy\CZOdwiedzajacy.csproj", "{48384841-3116-4445-AA73-08A81F443CE5}"
EndProject
Global
	GlobalSection(SolutionConfigurationPlatforms) = preSolution
		Debug|Any CPU = Debug|Any CPU
		Release|Any CPU = Release|Any CPU
	EndGlobalSection
	GlobalSection(ProjectConfigurationPlatforms) = postSolution
		{866E2969-B10C-4B4A-B0E0-217708F3B077}.Debug|Any CPU.ActiveCfg = Debug|Any CPU
		{866E2969-B10C-4B4A-B0E0-217708F3B077}.Debug|Any CPU.Build.0 = Debug|Any CPU
		{866E2969-B10C-4B4A-B0E0-217708F3B077}.Release|Any CPU.ActiveCfg = Release|Any CPU
		{866E2969-B10C-4B4A-B0E0-217708F3B077}.Release|Any CPU.Build.0 = Release|Any CPU
		{8D0EE72C-51A0-42BE-8E7D-E6C191427A0A}.Debug|Any CPU.ActiveCfg = Debug|Any CPU
		{8D0EE72C-51A0-42BE-8E7D-E6C191427A0A}.Debug|Any CPU.Build.0 = Debug|Any CPU
		{8D0EE72C-51A0-42BE-8E7D-E6C191427A0A}.Release|Any CPU.ActiveCfg = Release|Any CPU
		{8D0EE72C-51A0-42BE-8E7D-E6C191427A0A}.Release|Any CPU.Build.0 = Release|Any CPU
		{987AD6D8-F4D1-4351-8803-2705CDBB9ACB}.Debug|Any CPU.ActiveCfg = Debug|Any CPU
		{987AD6D8-F4D1-4351-8803-2705CDBB9ACB}.Debug|Any CPU.Build.0 = Debug|Any CPU
		{987AD6D8-F4D1-4351-8803-2705CDBB9ACB}.Release|Any CPU.ActiveCfg = Release|Any CPU
		{987AD6D8-F4D1-4351-8803-2705CDBB9ACB}.Release|Any CPU.Build.0 = Release|Any CPU
		{AB2697EB-3022-4F9C-B100-F34FB7E67B75}.Debug|Any CPU.ActiveCfg = Debug|Any CPU
		{AB2697EB-3022-4F9C-B100-F34FB7E67B75}.Debug|Any CPU.Build.0 = Debug|Any CPU
		{AB2697EB-3022-4F9C-B100-F34FB7E67B75}.Release|Any CPU.ActiveCfg = Release|Any CPU
		{AB2697EB-3022-4F9C-B100-F34FB7E67B75}.Release|Any CPU.Build.0 = Release|Any CPU
		{BC78F393-1607-436C-B4BD-259F52523528}.Debug|Any CPU.ActiveCfg = Debug|Any CPU
		{BC78F393-1607-436C-B4BD-259F52523528}.Debug|Any CPU.Build.0 = Debug|Any CPU
		{BC78F393-1607-436C-B4BD-259F52523528}.Release|Any CPU.ActiveCfg = Release|Any CPU
		{BC78F393-1607-436C-B4BD-259F52523528}.Release|Any CPU.Build.0 = Release|Any CPU
		{2C693D24-13BD-45C5-BF9A-CCBCE9999594}.Debug|Any CPU.ActiveCfg = Debug|Any CPU
		{2C693D24-13BD-45C5-BF9A-CCBCE9999594}.Debug|Any CPU.Build.0 = Debug|Any CPU
		{2C693D24-13BD-45C5-BF9A-CCBCE9999594}.Release|Any CPU.ActiveCfg = Release|Any CPU
		{2C693D24-13BD-45C5-BF9A-CCBCE9999594}.Release|Any CPU.Build.0 = Release|Any CPU
		{9D19A2C3-9335-4F20-86F5-CF24740683C7}.Debug|Any CPU.ActiveCfg = Debug|Any CPU
		{9D19A2C3-9335-4F20-86F5-CF24740683C7}.Debug|Any CPU.Build.0 = Debug|Any CPU
		{9D19A2C3-9335-4F20-86F5-CF24740683C7}.Release|Any CPU.ActiveCfg = Release|Any CPU
		{9D19A2C3-9335-4F20-86F5-CF24740683C7}.Release|Any CPU.Build.0 = Release|Any CPU
		{6860E67F-8113-48B9-A5C1-702E1CBF11D4}.Debug|Any CPU.ActiveCfg = Debug|Any CPU
		{6860E67F-8113-48B9-A5C1-702E1CBF11D4}.Debug|Any CPU.Build.0 = Debug|Any CPU
		{6860E67F-8113-48B9-A5C1-702E1CBF11D4}.Release|Any CPU.ActiveCfg = Release|Any CPU
		{6860E67F-8113-48B9-A5C1-702E1CBF11D4}.Release|Any CPU.Build.0 = Release|Any CPU
		{0F1DEC0B-C36B-4E7E-BFF9-EE244340C2DA}.Debug|Any CPU.ActiveCfg = Debug|Any CPU
		{0F1DEC0B-C36B-4E7E-BFF9-EE244340C2DA}.Debug|Any CPU.Build.0 = Debug|Any CPU
		{0F1DEC0B-C36B-4E7E-BFF9-EE244340C2DA}.Release|Any CPU.ActiveCfg = Release|Any CPU
		{0F1DEC0B-C36B-4E7E-BFF9-EE244340C2DA}.Release|Any CPU.Build.0 = Release|Any CPU
		{80E2DDF5-4BAA-4FF1-A276-6E0E67C5B113}.Debug|Any CPU.ActiveCfg = Debug|Any CPU
		{80E2DDF5-4BAA-4FF1-A276-6E0E67C5B113}.Debug|Any CPU.Build.0 = Debug|Any CPU
		{80E2DDF5-4BAA-4FF1-A276-6E0E67C5B113}.Release|Any CPU.ActiveCfg = Release|Any CPU
		{80E2DDF5-4BAA-4FF1-A276-6E0E67C5B113}.Release|Any CPU.Build.0 = Release|Any CPU
		{13AB0AAC-7371-44D1-9021-EECE7216AC44}.Debug|Any CPU.ActiveCfg = Debug|Any CPU
		{13AB0AAC-7371-44D1-9021-EECE7216AC44}.Debug|Any CPU.Build.0 = Debug|Any CPU
		{13AB0AAC-7371-44D1-9021-EECE7216AC44}.Release|Any CPU.ActiveCfg = Release|Any CPU
		{13AB0AAC-7371-44D1-9021-EECE7216AC44}.Release|Any CPU.Build.0 = Release|Any CPU
		{EBD38975-F3B0-45D6-971A-DE084DE0AA57}.Debug|Any CPU.ActiveCfg = Debug|Any CPU
		{EBD38975-F3B0-45D6-971A-DE084DE0AA57}.Debug|Any CPU.Build.0 = Debug|Any CPU
		{EBD38975-F3B0-45D6-971A-DE084DE0AA57}.Release|Any CPU.ActiveCfg = Release|Any CPU
		{EBD38975-F3B0-45D6-971A-DE084DE0AA57}.Release|Any CPU.Build.0 = Release|Any CPU
		{B0A5401D-3888-44BD-A9A7-212A782F51EA}.Debug|Any CPU.ActiveCfg = Debug|Any CPU
		{B0A5401D-3888-44BD-A9A7-212A782F51EA}.Debug|Any CPU.Build.0 = Debug|Any CPU
		{B0A5401D-3888-44BD-A9A7-212A782F51EA}.Release|Any CPU.ActiveCfg = Release|Any CPU
		{B0A5401D-3888-44BD-A9A7-212A782F51EA}.Release|Any CPU.Build.0 = Release|Any CPU
		{2AC9D5AE-C4F4-4534-8F34-FC0D006E5868}.Debug|Any CPU.ActiveCfg = Debug|Any CPU
		{2AC9D5AE-C4F4-4534-8F34-FC0D006E5868}.Debug|Any CPU.Build.0 = Debug|Any CPU
		{2AC9D5AE-C4F4-4534-8F34-FC0D006E5868}.Release|Any CPU.ActiveCfg = Release|Any CPU
		{2AC9D5AE-C4F4-4534-8F34-FC0D006E5868}.Release|Any CPU.Build.0 = Release|Any CPU
		{91BE65B3-2856-48F0-A96A-29EA306514C7}.Debug|Any CPU.ActiveCfg = Debug|Any CPU
		{91BE65B3-2856-48F0-A96A-29EA306514C7}.Debug|Any CPU.Build.0 = Debug|Any CPU
		{91BE65B3-2856-48F0-A96A-29EA306514C7}.Release|Any CPU.ActiveCfg = Release|Any CPU
		{91BE65B3-2856-48F0-A96A-29EA306514C7}.Release|Any CPU.Build.0 = Release|Any CPU
		{DC198102-3347-4D17-B13E-984BA49B3948}.Debug|Any CPU.ActiveCfg = Debug|Any CPU
		{DC198102-3347-4D17-B13E-984BA49B3948}.Debug|Any CPU.Build.0 = Debug|Any CPU
		{DC198102-3347-4D17-B13E-984BA49B3948}.Release|Any CPU.ActiveCfg = Release|Any CPU
		{DC198102-3347-4D17-B13E-984BA49B3948}.Release|Any CPU.Build.0 = Release|Any CPU
		{E09D4866-EECE-498C-AB33-93378A913F1B}.Debug|Any CPU.ActiveCfg = Debug|Any CPU
		{E09D4866-EECE-498C-AB33-93378A913F1B}.Debug|Any CPU.Build.0 = Debug|Any CPU
		{E09D4866-EECE-498C-AB33-93378A913F1B}.Release|Any CPU.ActiveCfg = Release|Any CPU
		{E09D4866-EECE-498C-AB33-93378A913F1B}.Release|Any CPU.Build.0 = Release|Any CPU
		{09995241-2993-40BF-A310-C28F94333E72}.Debug|Any CPU.ActiveCfg = Debug|Any CPU
		{09995241-2993-40BF-A310-C28F94333E72}.Debug|Any CPU.Build.0 = Debug|Any CPU
		{09995241-2993-40BF-A310-C28F94333E72}.Release|Any CPU.ActiveCfg = Release|Any CPU
		{09995241-2993-40BF-A310-C28F94333E72}.Release|Any CPU.Build.0 = Release|Any CPU
		{059851D4-0918-4ED9-BC31-45BAA2B23E43}.Debug|Any CPU.ActiveCfg = Debug|Any CPU
		{059851D4-0918-4ED9-BC31-45BAA2B23E43}.Debug|Any CPU.Build.0 = Debug|Any CPU
		{059851D4-0918-4ED9-BC31-45BAA2B23E43}.Release|Any CPU.ActiveCfg = Release|Any CPU
		{059851D4-0918-4ED9-BC31-45BAA2B23E43}.Release|Any CPU.Build.0 = Release|Any CPU
		{AE5C87CE-B488-4FCB-9E3D-829969332837}.Debug|Any CPU.ActiveCfg = Debug|Any CPU
		{AE5C87CE-B488-4FCB-9E3D-829969332837}.Debug|Any CPU.Build.0 = Debug|Any CPU
		{AE5C87CE-B488-4FCB-9E3D-829969332837}.Release|Any CPU.ActiveCfg = Release|Any CPU
		{AE5C87CE-B488-4FCB-9E3D-829969332837}.Release|Any CPU.Build.0 = Release|Any CPU
		{CF56679B-6BDA-4DAC-A5B9-1D78FA22FDCE}.Debug|Any CPU.ActiveCfg = Debug|Any CPU
		{CF56679B-6BDA-4DAC-A5B9-1D78FA22FDCE}.Debug|Any CPU.Build.0 = Debug|Any CPU
		{CF56679B-6BDA-4DAC-A5B9-1D78FA22FDCE}.Release|Any CPU.ActiveCfg = Release|Any CPU
		{CF56679B-6BDA-4DAC-A5B9-1D78FA22FDCE}.Release|Any CPU.Build.0 = Release|Any CPU
		{8BBA4A70-77B9-48BB-97B8-CA0F2F683529}.Debug|Any CPU.ActiveCfg = Debug|Any CPU
		{8BBA4A70-77B9-48BB-97B8-CA0F2F683529}.Debug|Any CPU.Build.0 = Debug|Any CPU
		{8BBA4A70-77B9-48BB-97B8-CA0F2F683529}.Release|Any CPU.ActiveCfg = Release|Any CPU
		{8BBA4A70-77B9-48BB-97B8-CA0F2F683529}.Release|Any CPU.Build.0 = Release|Any CPU
		{8F963D53-8E06-4726-835B-123CDFB48EF4}.Debug|Any CPU.ActiveCfg = Debug|Any CPU
		{8F963D53-8E06-4726-835B-123CDFB48EF4}.Debug|Any CPU.Build.0 = Debug|Any CPU
		{8F963D53-8E06-4726-835B-123CDFB48EF4}.Release|Any CPU.ActiveCfg = Release|Any CPU
		{8F963D53-8E06-4726-835B-123CDFB48EF4}.Release|Any CPU.Build.0 = Release|Any CPU
		{B1D3F197-5EB6-460F-8E10-6B170862DF2F}.Debug|Any CPU.ActiveCfg = Debug|Any CPU
		{B1D3F197-5EB6-460F-8E10-6B170862DF2F}.Debug|Any CPU.Build.0 = Debug|Any CPU
		{B1D3F197-5EB6-460F-8E10-6B170862DF2F}.Release|Any CPU.ActiveCfg = Release|Any CPU
		{B1D3F197-5EB6-460F-8E10-6B170862DF2F}.Release|Any CPU.Build.0 = Release|Any CPU
		{48384841-3116-4445-AA73-08A81F443CE5}.Debug|Any CPU.ActiveCfg = Debug|Any CPU
		{48384841-3116-4445-AA73-08A81F443CE5}.Debug|Any CPU.Build.0 = Debug|Any CPU
		{48384841-3116-4445-AA73-08A81F443CE5}.Release|Any CPU.ActiveCfg = Release|Any CPU
		{48384841-3116-4445-AA73-08A81F443CE5}.Release|Any CPU.Build.0 = Release|Any CPU
	EndGlobalSection
	GlobalSection(SolutionProperties) = preSolution
		HideSolutionNode = FALSE
	EndGlobalSection
	GlobalSection(ExtensibilityGlobals) = postSolution
		SolutionGuid = {D63C945F-1AAE-408E-BE54-4970364D81AB}
	EndGlobalSection
EndGlobal
