
Microsoft Visual Studio Solution File, Format Version 12.00
# Visual Studio Version 16
VisualStudioVersion = 16.0.31829.152
MinimumVisualStudioVersion = 10.0.40219.1
Project("{9A19103F-16F7-4668-BE54-9A1E7A4F7556}") = "KolkoKrzyzyk", "KolkoKrzyzyk\KolkoKrzyzyk.csproj", "{25963FA8-7622-488D-B83C-51EBBAAAF501}"
EndProject
Project("{9A19103F-16F7-4668-BE54-9A1E7A4F7556}") = "RefaktoryzacjaKolkoKrzyzyk", "RefaktoryzacjaKolkoKrzyzyk\RefaktoryzacjaKolkoKrzyzyk.csproj", "{BDA2988F-367F-441C-94A8-06B1E29C85DB}"
EndProject
Project("{9A19103F-16F7-4668-BE54-9A1E7A4F7556}") = "budowniczy", "budowniczy\budowniczy.csproj", "{79D8637A-87DA-4E62-8669-EBF92552E009}"
EndProject
Project("{9A19103F-16F7-4668-BE54-9A1E7A4F7556}") = "prototyp", "prototyp\prototyp.csproj", "{EE3BE047-E3A8-4045-A78F-95E81AF3D6BA}"
EndProject
Project("{9A19103F-16F7-4668-BE54-9A1E7A4F7556}") = "fabrykaAbstrakcyjna", "fabrykaAbstrakcyjna\fabrykaAbstrakcyjna.csproj", "{A5759127-EA82-4875-836C-69896DF44D3D}"
EndProject
Project("{9A19103F-16F7-4668-BE54-9A1E7A4F7556}") = "adapter", "adapter\adapter.csproj", "{381FBDF5-3D3F-4B52-8325-38D86AC46D74}"
EndProject
Project("{9A19103F-16F7-4668-BE54-9A1E7A4F7556}") = "cwiczeniaExtra", "cwiczeniaExtra\cwiczeniaExtra.csproj", "{D8BB6AC0-F5DD-41E3-9EBD-0EBE3CF1A1BB}"
EndProject
Project("{9A19103F-16F7-4668-BE54-9A1E7A4F7556}") = "fasada", "fasada\fasada.csproj", "{1A870D57-E05B-4C18-A873-2B69C585A226}"
EndProject
Project("{9A19103F-16F7-4668-BE54-9A1E7A4F7556}") = "dekorator", "dekorator\dekorator.csproj", "{77904CA9-8BE8-42D5-9CED-348203AEFBD5}"
EndProject
Project("{9A19103F-16F7-4668-BE54-9A1E7A4F7556}") = "kompozyt", "kompozyt\kompozyt.csproj", "{E4079AC5-A3CA-4254-8713-44788908D7A5}"
EndProject
Project("{9A19103F-16F7-4668-BE54-9A1E7A4F7556}") = "most", "most\most.csproj", "{888C607B-5D05-4425-83DD-B03F642DC3C3}"
EndProject
Project("{FAE04EC0-301F-11D3-BF4B-00C04F79EFBC}") = "Pelnomocnik", "Pelnomocnik\Pelnomocnik.csproj", "{D9813586-A2DF-412F-952A-8537F2671A47}"
EndProject
Project("{FAE04EC0-301F-11D3-BF4B-00C04F79EFBC}") = "CS_klasy_kolekcje", "CS_klasy_kolekcje\CS_klasy_kolekcje.csproj", "{005D6E55-3118-4F02-B3A5-2989A2080664}"
EndProject
Global
	GlobalSection(SolutionConfigurationPlatforms) = preSolution
		Debug|Any CPU = Debug|Any CPU
		Release|Any CPU = Release|Any CPU
	EndGlobalSection
	GlobalSection(ProjectConfigurationPlatforms) = postSolution
		{25963FA8-7622-488D-B83C-51EBBAAAF501}.Debug|Any CPU.ActiveCfg = Debug|Any CPU
		{25963FA8-7622-488D-B83C-51EBBAAAF501}.Debug|Any CPU.Build.0 = Debug|Any CPU
		{25963FA8-7622-488D-B83C-51EBBAAAF501}.Release|Any CPU.ActiveCfg = Release|Any CPU
		{25963FA8-7622-488D-B83C-51EBBAAAF501}.Release|Any CPU.Build.0 = Release|Any CPU
		{BDA2988F-367F-441C-94A8-06B1E29C85DB}.Debug|Any CPU.ActiveCfg = Debug|Any CPU
		{BDA2988F-367F-441C-94A8-06B1E29C85DB}.Debug|Any CPU.Build.0 = Debug|Any CPU
		{BDA2988F-367F-441C-94A8-06B1E29C85DB}.Release|Any CPU.ActiveCfg = Release|Any CPU
		{BDA2988F-367F-441C-94A8-06B1E29C85DB}.Release|Any CPU.Build.0 = Release|Any CPU
		{79D8637A-87DA-4E62-8669-EBF92552E009}.Debug|Any CPU.ActiveCfg = Debug|Any CPU
		{79D8637A-87DA-4E62-8669-EBF92552E009}.Debug|Any CPU.Build.0 = Debug|Any CPU
		{79D8637A-87DA-4E62-8669-EBF92552E009}.Release|Any CPU.ActiveCfg = Release|Any CPU
		{79D8637A-87DA-4E62-8669-EBF92552E009}.Release|Any CPU.Build.0 = Release|Any CPU
		{EE3BE047-E3A8-4045-A78F-95E81AF3D6BA}.Debug|Any CPU.ActiveCfg = Debug|Any CPU
		{EE3BE047-E3A8-4045-A78F-95E81AF3D6BA}.Debug|Any CPU.Build.0 = Debug|Any CPU
		{EE3BE047-E3A8-4045-A78F-95E81AF3D6BA}.Release|Any CPU.ActiveCfg = Release|Any CPU
		{EE3BE047-E3A8-4045-A78F-95E81AF3D6BA}.Release|Any CPU.Build.0 = Release|Any CPU
		{A5759127-EA82-4875-836C-69896DF44D3D}.Debug|Any CPU.ActiveCfg = Debug|Any CPU
		{A5759127-EA82-4875-836C-69896DF44D3D}.Debug|Any CPU.Build.0 = Debug|Any CPU
		{A5759127-EA82-4875-836C-69896DF44D3D}.Release|Any CPU.ActiveCfg = Release|Any CPU
		{A5759127-EA82-4875-836C-69896DF44D3D}.Release|Any CPU.Build.0 = Release|Any CPU
		{381FBDF5-3D3F-4B52-8325-38D86AC46D74}.Debug|Any CPU.ActiveCfg = Debug|Any CPU
		{381FBDF5-3D3F-4B52-8325-38D86AC46D74}.Debug|Any CPU.Build.0 = Debug|Any CPU
		{381FBDF5-3D3F-4B52-8325-38D86AC46D74}.Release|Any CPU.ActiveCfg = Release|Any CPU
		{381FBDF5-3D3F-4B52-8325-38D86AC46D74}.Release|Any CPU.Build.0 = Release|Any CPU
		{D8BB6AC0-F5DD-41E3-9EBD-0EBE3CF1A1BB}.Debug|Any CPU.ActiveCfg = Debug|Any CPU
		{D8BB6AC0-F5DD-41E3-9EBD-0EBE3CF1A1BB}.Debug|Any CPU.Build.0 = Debug|Any CPU
		{D8BB6AC0-F5DD-41E3-9EBD-0EBE3CF1A1BB}.Release|Any CPU.ActiveCfg = Release|Any CPU
		{D8BB6AC0-F5DD-41E3-9EBD-0EBE3CF1A1BB}.Release|Any CPU.Build.0 = Release|Any CPU
		{1A870D57-E05B-4C18-A873-2B69C585A226}.Debug|Any CPU.ActiveCfg = Debug|Any CPU
		{1A870D57-E05B-4C18-A873-2B69C585A226}.Debug|Any CPU.Build.0 = Debug|Any CPU
		{1A870D57-E05B-4C18-A873-2B69C585A226}.Release|Any CPU.ActiveCfg = Release|Any CPU
		{1A870D57-E05B-4C18-A873-2B69C585A226}.Release|Any CPU.Build.0 = Release|Any CPU
		{77904CA9-8BE8-42D5-9CED-348203AEFBD5}.Debug|Any CPU.ActiveCfg = Debug|Any CPU
		{77904CA9-8BE8-42D5-9CED-348203AEFBD5}.Debug|Any CPU.Build.0 = Debug|Any CPU
		{77904CA9-8BE8-42D5-9CED-348203AEFBD5}.Release|Any CPU.ActiveCfg = Release|Any CPU
		{77904CA9-8BE8-42D5-9CED-348203AEFBD5}.Release|Any CPU.Build.0 = Release|Any CPU
		{E4079AC5-A3CA-4254-8713-44788908D7A5}.Debug|Any CPU.ActiveCfg = Debug|Any CPU
		{E4079AC5-A3CA-4254-8713-44788908D7A5}.Debug|Any CPU.Build.0 = Debug|Any CPU
		{E4079AC5-A3CA-4254-8713-44788908D7A5}.Release|Any CPU.ActiveCfg = Release|Any CPU
		{E4079AC5-A3CA-4254-8713-44788908D7A5}.Release|Any CPU.Build.0 = Release|Any CPU
		{888C607B-5D05-4425-83DD-B03F642DC3C3}.Debug|Any CPU.ActiveCfg = Debug|Any CPU
		{888C607B-5D05-4425-83DD-B03F642DC3C3}.Debug|Any CPU.Build.0 = Debug|Any CPU
		{888C607B-5D05-4425-83DD-B03F642DC3C3}.Release|Any CPU.ActiveCfg = Release|Any CPU
		{888C607B-5D05-4425-83DD-B03F642DC3C3}.Release|Any CPU.Build.0 = Release|Any CPU
		{D9813586-A2DF-412F-952A-8537F2671A47}.Debug|Any CPU.ActiveCfg = Debug|Any CPU
		{D9813586-A2DF-412F-952A-8537F2671A47}.Debug|Any CPU.Build.0 = Debug|Any CPU
		{D9813586-A2DF-412F-952A-8537F2671A47}.Release|Any CPU.ActiveCfg = Release|Any CPU
		{D9813586-A2DF-412F-952A-8537F2671A47}.Release|Any CPU.Build.0 = Release|Any CPU
		{005D6E55-3118-4F02-B3A5-2989A2080664}.Debug|Any CPU.ActiveCfg = Debug|Any CPU
		{005D6E55-3118-4F02-B3A5-2989A2080664}.Debug|Any CPU.Build.0 = Debug|Any CPU
		{005D6E55-3118-4F02-B3A5-2989A2080664}.Release|Any CPU.ActiveCfg = Release|Any CPU
		{005D6E55-3118-4F02-B3A5-2989A2080664}.Release|Any CPU.Build.0 = Release|Any CPU
	EndGlobalSection
	GlobalSection(SolutionProperties) = preSolution
		HideSolutionNode = FALSE
	EndGlobalSection
	GlobalSection(ExtensibilityGlobals) = postSolution
		SolutionGuid = {260321E5-72D3-43B0-893F-BF1E39065090}
	EndGlobalSection
EndGlobal
