
Microsoft Visual Studio Solution File, Format Version 12.00
# Visual Studio Version 16
VisualStudioVersion = 16.0.31727.386
MinimumVisualStudioVersion = 10.0.40219.1
Project("{9A19103F-16F7-4668-BE54-9A1E7A4F7556}") = "KolkoKrzyzyk", "KolkoKrzyzyk\KolkoKrzyzyk.csproj", "{25963FA8-7622-488D-B83C-51EBBAAAF501}"
EndProject
Project("{9A19103F-16F7-4668-BE54-9A1E7A4F7556}") = "RefaktoryzacjaKolkoKrzyzyk", "RefaktoryzacjaKolkoKrzyzyk\RefaktoryzacjaKolkoKrzyzyk.csproj", "{BDA2988F-367F-441C-94A8-06B1E29C85DB}"
EndProject
Project("{9A19103F-16F7-4668-BE54-9A1E7A4F7556}") = "budowniczy", "budowniczy\budowniczy.csproj", "{79D8637A-87DA-4E62-8669-EBF92552E009}"
EndProject
Project("{9A19103F-16F7-4668-BE54-9A1E7A4F7556}") = "prototyp", "prototyp\prototyp.csproj", "{EE3BE047-E3A8-4045-A78F-95E81AF3D6BA}"
EndProject
Project("{FAE04EC0-301F-11D3-BF4B-00C04F79EFBC}") = "fabrykaAbstrakcyjna", "fabrykaAbstrakcyjna\fabrykaAbstrakcyjna.csproj", "{A5759127-EA82-4875-836C-69896DF44D3D}"
EndProject
Project("{FAE04EC0-301F-11D3-BF4B-00C04F79EFBC}") = "adapter", "adapter\adapter.csproj", "{381FBDF5-3D3F-4B52-8325-38D86AC46D74}"
EndProject
Project("{FAE04EC0-301F-11D3-BF4B-00C04F79EFBC}") = "cwiczeniaExtra", "cwiczeniaExtra\cwiczeniaExtra.csproj", "{D8BB6AC0-F5DD-41E3-9EBD-0EBE3CF1A1BB}"
EndProject
Global
	GlobalSection(SolutionConfigurationPlatforms) = preSolution
		Debug|Any CPU = Debug|Any CPU
		Release|Any CPU = Release|Any CPU
	EndGlobalSection
	GlobalSection(ProjectConfigurationPlatforms) = postSolution
		{25963FA8-7622-488D-B83C-51EBBAAAF501}.Debug|Any CPU.ActiveCfg = Debug|Any CPU
		{25963FA8-7622-488D-B83C-51EBBAAAF501}.Debug|Any CPU.Build.0 = Debug|Any CPU
		{25963FA8-7622-488D-B83C-51EBBAAAF501}.Release|Any CPU.ActiveCfg = Release|Any CPU
		{25963FA8-7622-488D-B83C-51EBBAAAF501}.Release|Any CPU.Build.0 = Release|Any CPU
		{BDA2988F-367F-441C-94A8-06B1E29C85DB}.Debug|Any CPU.ActiveCfg = Debug|Any CPU
		{BDA2988F-367F-441C-94A8-06B1E29C85DB}.Debug|Any CPU.Build.0 = Debug|Any CPU
		{BDA2988F-367F-441C-94A8-06B1E29C85DB}.Release|Any CPU.ActiveCfg = Release|Any CPU
		{BDA2988F-367F-441C-94A8-06B1E29C85DB}.Release|Any CPU.Build.0 = Release|Any CPU
		{79D8637A-87DA-4E62-8669-EBF92552E009}.Debug|Any CPU.ActiveCfg = Debug|Any CPU
		{79D8637A-87DA-4E62-8669-EBF92552E009}.Debug|Any CPU.Build.0 = Debug|Any CPU
		{79D8637A-87DA-4E62-8669-EBF92552E009}.Release|Any CPU.ActiveCfg = Release|Any CPU
		{79D8637A-87DA-4E62-8669-EBF92552E009}.Release|Any CPU.Build.0 = Release|Any CPU
		{EE3BE047-E3A8-4045-A78F-95E81AF3D6BA}.Debug|Any CPU.ActiveCfg = Debug|Any CPU
		{EE3BE047-E3A8-4045-A78F-95E81AF3D6BA}.Debug|Any CPU.Build.0 = Debug|Any CPU
		{EE3BE047-E3A8-4045-A78F-95E81AF3D6BA}.Release|Any CPU.ActiveCfg = Release|Any CPU
		{EE3BE047-E3A8-4045-A78F-95E81AF3D6BA}.Release|Any CPU.Build.0 = Release|Any CPU
		{A5759127-EA82-4875-836C-69896DF44D3D}.Debug|Any CPU.ActiveCfg = Debug|Any CPU
		{A5759127-EA82-4875-836C-69896DF44D3D}.Debug|Any CPU.Build.0 = Debug|Any CPU
		{A5759127-EA82-4875-836C-69896DF44D3D}.Release|Any CPU.ActiveCfg = Release|Any CPU
		{A5759127-EA82-4875-836C-69896DF44D3D}.Release|Any CPU.Build.0 = Release|Any CPU
		{381FBDF5-3D3F-4B52-8325-38D86AC46D74}.Debug|Any CPU.ActiveCfg = Debug|Any CPU
		{381FBDF5-3D3F-4B52-8325-38D86AC46D74}.Debug|Any CPU.Build.0 = Debug|Any CPU
		{381FBDF5-3D3F-4B52-8325-38D86AC46D74}.Release|Any CPU.ActiveCfg = Release|Any CPU
		{381FBDF5-3D3F-4B52-8325-38D86AC46D74}.Release|Any CPU.Build.0 = Release|Any CPU
		{D8BB6AC0-F5DD-41E3-9EBD-0EBE3CF1A1BB}.Debug|Any CPU.ActiveCfg = Debug|Any CPU
		{D8BB6AC0-F5DD-41E3-9EBD-0EBE3CF1A1BB}.Debug|Any CPU.Build.0 = Debug|Any CPU
		{D8BB6AC0-F5DD-41E3-9EBD-0EBE3CF1A1BB}.Release|Any CPU.ActiveCfg = Release|Any CPU
		{D8BB6AC0-F5DD-41E3-9EBD-0EBE3CF1A1BB}.Release|Any CPU.Build.0 = Release|Any CPU
	EndGlobalSection
	GlobalSection(SolutionProperties) = preSolution
		HideSolutionNode = FALSE
	EndGlobalSection
	GlobalSection(ExtensibilityGlobals) = postSolution
		SolutionGuid = {260321E5-72D3-43B0-893F-BF1E39065090}
	EndGlobalSection
EndGlobal
