
Microsoft Visual Studio Solution File, Format Version 12.00
# Visual Studio Version 17
VisualStudioVersion = 17.0.31912.275
MinimumVisualStudioVersion = 10.0.40219.1
Project("{9A19103F-16F7-4668-BE54-9A1E7A4F7556}") = "KolkoKrzyzyk", "KolkoKrzyzyk\KolkoKrzyzyk.csproj", "{25963FA8-7622-488D-B83C-51EBBAAAF501}"
EndProject
Project("{9A19103F-16F7-4668-BE54-9A1E7A4F7556}") = "RefaktoryzacjaKolkoKrzyzyk", "RefaktoryzacjaKolkoKrzyzyk\RefaktoryzacjaKolkoKrzyzyk.csproj", "{BDA2988F-367F-441C-94A8-06B1E29C85DB}"
EndProject
Project("{9A19103F-16F7-4668-BE54-9A1E7A4F7556}") = "budowniczy", "budowniczy\budowniczy.csproj", "{79D8637A-87DA-4E62-8669-EBF92552E009}"
EndProject
Project("{9A19103F-16F7-4668-BE54-9A1E7A4F7556}") = "prototyp", "prototyp\prototyp.csproj", "{EE3BE047-E3A8-4045-A78F-95E81AF3D6BA}"
EndProject
Project("{9A19103F-16F7-4668-BE54-9A1E7A4F7556}") = "fabrykaAbstrakcyjna", "fabrykaAbstrakcyjna\fabrykaAbstrakcyjna.csproj", "{A5759127-EA82-4875-836C-69896DF44D3D}"
EndProject
Project("{9A19103F-16F7-4668-BE54-9A1E7A4F7556}") = "adapter", "adapter\adapter.csproj", "{381FBDF5-3D3F-4B52-8325-38D86AC46D74}"
EndProject
Project("{9A19103F-16F7-4668-BE54-9A1E7A4F7556}") = "cwiczeniaExtra", "cwiczeniaExtra\cwiczeniaExtra.csproj", "{D8BB6AC0-F5DD-41E3-9EBD-0EBE3CF1A1BB}"
EndProject
Project("{9A19103F-16F7-4668-BE54-9A1E7A4F7556}") = "fasada", "fasada\fasada.csproj", "{1A870D57-E05B-4C18-A873-2B69C585A226}"
EndProject
Project("{9A19103F-16F7-4668-BE54-9A1E7A4F7556}") = "dekorator", "dekorator\dekorator.csproj", "{77904CA9-8BE8-42D5-9CED-348203AEFBD5}"
EndProject
Project("{9A19103F-16F7-4668-BE54-9A1E7A4F7556}") = "kompozyt", "kompozyt\kompozyt.csproj", "{E4079AC5-A3CA-4254-8713-44788908D7A5}"
EndProject
Project("{9A19103F-16F7-4668-BE54-9A1E7A4F7556}") = "most", "most\most.csproj", "{888C607B-5D05-4425-83DD-B03F642DC3C3}"
EndProject
Project("{9A19103F-16F7-4668-BE54-9A1E7A4F7556}") = "Pelnomocnik", "Pelnomocnik\Pelnomocnik.csproj", "{D9813586-A2DF-412F-952A-8537F2671A47}"
EndProject
Project("{9A19103F-16F7-4668-BE54-9A1E7A4F7556}") = "CS_klasy_kolekcje", "CS_klasy_kolekcje\CS_klasy_kolekcje.csproj", "{005D6E55-3118-4F02-B3A5-2989A2080664}"
EndProject
Project("{9A19103F-16F7-4668-BE54-9A1E7A4F7556}") = "obserwator", "obserwator\obserwator.csproj", "{8AED8F85-25EE-4DE4-9BDC-EF3DCFF5709A}"
EndProject
Project("{9A19103F-16F7-4668-BE54-9A1E7A4F7556}") = "lancuchZobowiazan", "lancuchZobowiazan\lancuchZobowiazan.csproj", "{EFD4086C-69D3-47BA-9605-4C83CCB4513D}"
EndProject
Project("{9A19103F-16F7-4668-BE54-9A1E7A4F7556}") = "pamiatka", "pamiatka\pamiatka.csproj", "{7A6C25FD-B6FA-4716-B260-9FE901DA4191}"
EndProject
Project("{9A19103F-16F7-4668-BE54-9A1E7A4F7556}") = "polecenie", "polecenie\polecenie.csproj", "{BA0EE073-76BB-4F27-9BD3-DEF007B51BDB}"
EndProject
Project("{9A19103F-16F7-4668-BE54-9A1E7A4F7556}") = "mediator", "mediator\mediator.csproj", "{0AF1EB82-C43B-4AB1-AAB0-1B2AB238DECF}"
EndProject
Project("{9A19103F-16F7-4668-BE54-9A1E7A4F7556}") = "stan", "stan\stan.csproj", "{17F3B8B3-4947-4F03-93D1-214630B4BC3A}"
EndProject
Project("{9A19103F-16F7-4668-BE54-9A1E7A4F7556}") = "odwiedzajacy", "odwiedzajacy\odwiedzajacy.csproj", "{CBCFCE96-2F26-48AB-B588-0E2F8570633F}"
EndProject
Project("{9A19103F-16F7-4668-BE54-9A1E7A4F7556}") = "strategia", "strategia\strategia.csproj", "{C5C18E9F-FC62-410D-8571-33414B4EC917}"
EndProject
Project("{9A19103F-16F7-4668-BE54-9A1E7A4F7556}") = "projektKoncowy", "projektKoncowy\projektKoncowy.csproj", "{8E25D51F-A50A-4D0F-8C92-F7663AA3EBA3}"
EndProject
Project("{9A19103F-16F7-4668-BE54-9A1E7A4F7556}") = "lancuchZobowiazan2", "lancuchZobowiazan2\lancuchZobowiazan2.csproj", "{EF97942D-E122-4D96-B32C-0AFD225836E9}"
EndProject
Project("{FAE04EC0-301F-11D3-BF4B-00C04F79EFBC}") = "TicTacToeRefactoring", "TicTacToeRefactoring\TicTacToeRefactoring.csproj", "{81D89DFC-1C60-4690-B9B5-2EF6C94FADAA}"
EndProject
Global
	GlobalSection(SolutionConfigurationPlatforms) = preSolution
		Debug|Any CPU = Debug|Any CPU
		Release|Any CPU = Release|Any CPU
	EndGlobalSection
	GlobalSection(ProjectConfigurationPlatforms) = postSolution
		{25963FA8-7622-488D-B83C-51EBBAAAF501}.Debug|Any CPU.ActiveCfg = Debug|Any CPU
		{25963FA8-7622-488D-B83C-51EBBAAAF501}.Debug|Any CPU.Build.0 = Debug|Any CPU
		{25963FA8-7622-488D-B83C-51EBBAAAF501}.Release|Any CPU.ActiveCfg = Release|Any CPU
		{25963FA8-7622-488D-B83C-51EBBAAAF501}.Release|Any CPU.Build.0 = Release|Any CPU
		{BDA2988F-367F-441C-94A8-06B1E29C85DB}.Debug|Any CPU.ActiveCfg = Debug|Any CPU
		{BDA2988F-367F-441C-94A8-06B1E29C85DB}.Debug|Any CPU.Build.0 = Debug|Any CPU
		{BDA2988F-367F-441C-94A8-06B1E29C85DB}.Release|Any CPU.ActiveCfg = Release|Any CPU
		{BDA2988F-367F-441C-94A8-06B1E29C85DB}.Release|Any CPU.Build.0 = Release|Any CPU
		{79D8637A-87DA-4E62-8669-EBF92552E009}.Debug|Any CPU.ActiveCfg = Debug|Any CPU
		{79D8637A-87DA-4E62-8669-EBF92552E009}.Debug|Any CPU.Build.0 = Debug|Any CPU
		{79D8637A-87DA-4E62-8669-EBF92552E009}.Release|Any CPU.ActiveCfg = Release|Any CPU
		{79D8637A-87DA-4E62-8669-EBF92552E009}.Release|Any CPU.Build.0 = Release|Any CPU
		{EE3BE047-E3A8-4045-A78F-95E81AF3D6BA}.Debug|Any CPU.ActiveCfg = Debug|Any CPU
		{EE3BE047-E3A8-4045-A78F-95E81AF3D6BA}.Debug|Any CPU.Build.0 = Debug|Any CPU
		{EE3BE047-E3A8-4045-A78F-95E81AF3D6BA}.Release|Any CPU.ActiveCfg = Release|Any CPU
		{EE3BE047-E3A8-4045-A78F-95E81AF3D6BA}.Release|Any CPU.Build.0 = Release|Any CPU
		{A5759127-EA82-4875-836C-69896DF44D3D}.Debug|Any CPU.ActiveCfg = Debug|Any CPU
		{A5759127-EA82-4875-836C-69896DF44D3D}.Debug|Any CPU.Build.0 = Debug|Any CPU
		{A5759127-EA82-4875-836C-69896DF44D3D}.Release|Any CPU.ActiveCfg = Release|Any CPU
		{A5759127-EA82-4875-836C-69896DF44D3D}.Release|Any CPU.Build.0 = Release|Any CPU
		{381FBDF5-3D3F-4B52-8325-38D86AC46D74}.Debug|Any CPU.ActiveCfg = Debug|Any CPU
		{381FBDF5-3D3F-4B52-8325-38D86AC46D74}.Debug|Any CPU.Build.0 = Debug|Any CPU
		{381FBDF5-3D3F-4B52-8325-38D86AC46D74}.Release|Any CPU.ActiveCfg = Release|Any CPU
		{381FBDF5-3D3F-4B52-8325-38D86AC46D74}.Release|Any CPU.Build.0 = Release|Any CPU
		{D8BB6AC0-F5DD-41E3-9EBD-0EBE3CF1A1BB}.Debug|Any CPU.ActiveCfg = Debug|Any CPU
		{D8BB6AC0-F5DD-41E3-9EBD-0EBE3CF1A1BB}.Debug|Any CPU.Build.0 = Debug|Any CPU
		{D8BB6AC0-F5DD-41E3-9EBD-0EBE3CF1A1BB}.Release|Any CPU.ActiveCfg = Release|Any CPU
		{D8BB6AC0-F5DD-41E3-9EBD-0EBE3CF1A1BB}.Release|Any CPU.Build.0 = Release|Any CPU
		{1A870D57-E05B-4C18-A873-2B69C585A226}.Debug|Any CPU.ActiveCfg = Debug|Any CPU
		{1A870D57-E05B-4C18-A873-2B69C585A226}.Debug|Any CPU.Build.0 = Debug|Any CPU
		{1A870D57-E05B-4C18-A873-2B69C585A226}.Release|Any CPU.ActiveCfg = Release|Any CPU
		{1A870D57-E05B-4C18-A873-2B69C585A226}.Release|Any CPU.Build.0 = Release|Any CPU
		{77904CA9-8BE8-42D5-9CED-348203AEFBD5}.Debug|Any CPU.ActiveCfg = Debug|Any CPU
		{77904CA9-8BE8-42D5-9CED-348203AEFBD5}.Debug|Any CPU.Build.0 = Debug|Any CPU
		{77904CA9-8BE8-42D5-9CED-348203AEFBD5}.Release|Any CPU.ActiveCfg = Release|Any CPU
		{77904CA9-8BE8-42D5-9CED-348203AEFBD5}.Release|Any CPU.Build.0 = Release|Any CPU
		{E4079AC5-A3CA-4254-8713-44788908D7A5}.Debug|Any CPU.ActiveCfg = Debug|Any CPU
		{E4079AC5-A3CA-4254-8713-44788908D7A5}.Debug|Any CPU.Build.0 = Debug|Any CPU
		{E4079AC5-A3CA-4254-8713-44788908D7A5}.Release|Any CPU.ActiveCfg = Release|Any CPU
		{E4079AC5-A3CA-4254-8713-44788908D7A5}.Release|Any CPU.Build.0 = Release|Any CPU
		{888C607B-5D05-4425-83DD-B03F642DC3C3}.Debug|Any CPU.ActiveCfg = Debug|Any CPU
		{888C607B-5D05-4425-83DD-B03F642DC3C3}.Debug|Any CPU.Build.0 = Debug|Any CPU
		{888C607B-5D05-4425-83DD-B03F642DC3C3}.Release|Any CPU.ActiveCfg = Release|Any CPU
		{888C607B-5D05-4425-83DD-B03F642DC3C3}.Release|Any CPU.Build.0 = Release|Any CPU
		{D9813586-A2DF-412F-952A-8537F2671A47}.Debug|Any CPU.ActiveCfg = Debug|Any CPU
		{D9813586-A2DF-412F-952A-8537F2671A47}.Debug|Any CPU.Build.0 = Debug|Any CPU
		{D9813586-A2DF-412F-952A-8537F2671A47}.Release|Any CPU.ActiveCfg = Release|Any CPU
		{D9813586-A2DF-412F-952A-8537F2671A47}.Release|Any CPU.Build.0 = Release|Any CPU
		{005D6E55-3118-4F02-B3A5-2989A2080664}.Debug|Any CPU.ActiveCfg = Debug|Any CPU
		{005D6E55-3118-4F02-B3A5-2989A2080664}.Debug|Any CPU.Build.0 = Debug|Any CPU
		{005D6E55-3118-4F02-B3A5-2989A2080664}.Release|Any CPU.ActiveCfg = Release|Any CPU
		{005D6E55-3118-4F02-B3A5-2989A2080664}.Release|Any CPU.Build.0 = Release|Any CPU
		{8AED8F85-25EE-4DE4-9BDC-EF3DCFF5709A}.Debug|Any CPU.ActiveCfg = Debug|Any CPU
		{8AED8F85-25EE-4DE4-9BDC-EF3DCFF5709A}.Debug|Any CPU.Build.0 = Debug|Any CPU
		{8AED8F85-25EE-4DE4-9BDC-EF3DCFF5709A}.Release|Any CPU.ActiveCfg = Release|Any CPU
		{8AED8F85-25EE-4DE4-9BDC-EF3DCFF5709A}.Release|Any CPU.Build.0 = Release|Any CPU
		{EFD4086C-69D3-47BA-9605-4C83CCB4513D}.Debug|Any CPU.ActiveCfg = Debug|Any CPU
		{EFD4086C-69D3-47BA-9605-4C83CCB4513D}.Debug|Any CPU.Build.0 = Debug|Any CPU
		{EFD4086C-69D3-47BA-9605-4C83CCB4513D}.Release|Any CPU.ActiveCfg = Release|Any CPU
		{EFD4086C-69D3-47BA-9605-4C83CCB4513D}.Release|Any CPU.Build.0 = Release|Any CPU
		{7A6C25FD-B6FA-4716-B260-9FE901DA4191}.Debug|Any CPU.ActiveCfg = Debug|Any CPU
		{7A6C25FD-B6FA-4716-B260-9FE901DA4191}.Debug|Any CPU.Build.0 = Debug|Any CPU
		{7A6C25FD-B6FA-4716-B260-9FE901DA4191}.Release|Any CPU.ActiveCfg = Release|Any CPU
		{7A6C25FD-B6FA-4716-B260-9FE901DA4191}.Release|Any CPU.Build.0 = Release|Any CPU
		{BA0EE073-76BB-4F27-9BD3-DEF007B51BDB}.Debug|Any CPU.ActiveCfg = Debug|Any CPU
		{BA0EE073-76BB-4F27-9BD3-DEF007B51BDB}.Debug|Any CPU.Build.0 = Debug|Any CPU
		{BA0EE073-76BB-4F27-9BD3-DEF007B51BDB}.Release|Any CPU.ActiveCfg = Release|Any CPU
		{BA0EE073-76BB-4F27-9BD3-DEF007B51BDB}.Release|Any CPU.Build.0 = Release|Any CPU
		{0AF1EB82-C43B-4AB1-AAB0-1B2AB238DECF}.Debug|Any CPU.ActiveCfg = Debug|Any CPU
		{0AF1EB82-C43B-4AB1-AAB0-1B2AB238DECF}.Debug|Any CPU.Build.0 = Debug|Any CPU
		{0AF1EB82-C43B-4AB1-AAB0-1B2AB238DECF}.Release|Any CPU.ActiveCfg = Release|Any CPU
		{0AF1EB82-C43B-4AB1-AAB0-1B2AB238DECF}.Release|Any CPU.Build.0 = Release|Any CPU
		{17F3B8B3-4947-4F03-93D1-214630B4BC3A}.Debug|Any CPU.ActiveCfg = Debug|Any CPU
		{17F3B8B3-4947-4F03-93D1-214630B4BC3A}.Debug|Any CPU.Build.0 = Debug|Any CPU
		{17F3B8B3-4947-4F03-93D1-214630B4BC3A}.Release|Any CPU.ActiveCfg = Release|Any CPU
		{17F3B8B3-4947-4F03-93D1-214630B4BC3A}.Release|Any CPU.Build.0 = Release|Any CPU
		{CBCFCE96-2F26-48AB-B588-0E2F8570633F}.Debug|Any CPU.ActiveCfg = Debug|Any CPU
		{CBCFCE96-2F26-48AB-B588-0E2F8570633F}.Debug|Any CPU.Build.0 = Debug|Any CPU
		{CBCFCE96-2F26-48AB-B588-0E2F8570633F}.Release|Any CPU.ActiveCfg = Release|Any CPU
		{CBCFCE96-2F26-48AB-B588-0E2F8570633F}.Release|Any CPU.Build.0 = Release|Any CPU
		{C5C18E9F-FC62-410D-8571-33414B4EC917}.Debug|Any CPU.ActiveCfg = Debug|Any CPU
		{C5C18E9F-FC62-410D-8571-33414B4EC917}.Debug|Any CPU.Build.0 = Debug|Any CPU
		{C5C18E9F-FC62-410D-8571-33414B4EC917}.Release|Any CPU.ActiveCfg = Release|Any CPU
		{C5C18E9F-FC62-410D-8571-33414B4EC917}.Release|Any CPU.Build.0 = Release|Any CPU
		{8E25D51F-A50A-4D0F-8C92-F7663AA3EBA3}.Debug|Any CPU.ActiveCfg = Debug|Any CPU
		{8E25D51F-A50A-4D0F-8C92-F7663AA3EBA3}.Debug|Any CPU.Build.0 = Debug|Any CPU
		{8E25D51F-A50A-4D0F-8C92-F7663AA3EBA3}.Release|Any CPU.ActiveCfg = Release|Any CPU
		{8E25D51F-A50A-4D0F-8C92-F7663AA3EBA3}.Release|Any CPU.Build.0 = Release|Any CPU
		{EF97942D-E122-4D96-B32C-0AFD225836E9}.Debug|Any CPU.ActiveCfg = Debug|Any CPU
		{EF97942D-E122-4D96-B32C-0AFD225836E9}.Debug|Any CPU.Build.0 = Debug|Any CPU
		{EF97942D-E122-4D96-B32C-0AFD225836E9}.Release|Any CPU.ActiveCfg = Release|Any CPU
		{EF97942D-E122-4D96-B32C-0AFD225836E9}.Release|Any CPU.Build.0 = Release|Any CPU
		{81D89DFC-1C60-4690-B9B5-2EF6C94FADAA}.Debug|Any CPU.ActiveCfg = Debug|Any CPU
		{81D89DFC-1C60-4690-B9B5-2EF6C94FADAA}.Debug|Any CPU.Build.0 = Debug|Any CPU
		{81D89DFC-1C60-4690-B9B5-2EF6C94FADAA}.Release|Any CPU.ActiveCfg = Release|Any CPU
		{81D89DFC-1C60-4690-B9B5-2EF6C94FADAA}.Release|Any CPU.Build.0 = Release|Any CPU
	EndGlobalSection
	GlobalSection(SolutionProperties) = preSolution
		HideSolutionNode = FALSE
	EndGlobalSection
	GlobalSection(ExtensibilityGlobals) = postSolution
		SolutionGuid = {260321E5-72D3-43B0-893F-BF1E39065090}
	EndGlobalSection
EndGlobal
